// !$*UTF8*$!
{
	archiveVersion = 1;
	classes = {
	};
	objectVersion = 46;
	objects = {

/* Begin PBXBuildFile section */
		533E864219B7145D002DB43F /* AppDelegate.swift in Sources */ = {isa = PBXBuildFile; fileRef = 533E864119B7145D002DB43F /* AppDelegate.swift */; };
		533E864419B7145D002DB43F /* ViewController.swift in Sources */ = {isa = PBXBuildFile; fileRef = 533E864319B7145D002DB43F /* ViewController.swift */; };
		533E864719B7145D002DB43F /* Main.storyboard in Resources */ = {isa = PBXBuildFile; fileRef = 533E864519B7145D002DB43F /* Main.storyboard */; };
		533E864919B7145D002DB43F /* Images.xcassets in Resources */ = {isa = PBXBuildFile; fileRef = 533E864819B7145D002DB43F /* Images.xcassets */; };
		533E865519B7145D002DB43F /* InputTestTests.swift in Sources */ = {isa = PBXBuildFile; fileRef = 533E865419B7145D002DB43F /* InputTestTests.swift */; };
		533E866A19B7163A002DB43F /* InputViewController.swift in Sources */ = {isa = PBXBuildFile; fileRef = 533E866919B7163A002DB43F /* InputViewController.swift */; };
/* End PBXBuildFile section */

/* Begin PBXContainerItemProxy section */
		533E864F19B7145D002DB43F /* PBXContainerItemProxy */ = {
			isa = PBXContainerItemProxy;
			containerPortal = 533E863419B7145D002DB43F /* Project object */;
			proxyType = 1;
			remoteGlobalIDString = 533E863B19B7145D002DB43F;
			remoteInfo = InputTest;
		};
/* End PBXContainerItemProxy section */

/* Begin PBXFileReference section */
		533E863C19B7145D002DB43F /* InputTest.app */ = {isa = PBXFileReference; explicitFileType = wrapper.application; includeInIndex = 0; path = InputTest.app; sourceTree = BUILT_PRODUCTS_DIR; };
		533E864019B7145D002DB43F /* Info.plist */ = {isa = PBXFileReference; lastKnownFileType = text.plist.xml; path = Info.plist; sourceTree = "<group>"; };
		533E864119B7145D002DB43F /* AppDelegate.swift */ = {isa = PBXFileReference; lastKnownFileType = sourcecode.swift; path = AppDelegate.swift; sourceTree = "<group>"; };
		533E864319B7145D002DB43F /* ViewController.swift */ = {isa = PBXFileReference; lastKnownFileType = sourcecode.swift; path = ViewController.swift; sourceTree = "<group>"; };
		533E864619B7145D002DB43F /* Base */ = {isa = PBXFileReference; lastKnownFileType = file.storyboard; name = Base; path = Base.lproj/Main.storyboard; sourceTree = "<group>"; };
		533E864819B7145D002DB43F /* Images.xcassets */ = {isa = PBXFileReference; lastKnownFileType = folder.assetcatalog; path = Images.xcassets; sourceTree = "<group>"; };
		533E864E19B7145D002DB43F /* InputTestTests.xctest */ = {isa = PBXFileReference; explicitFileType = wrapper.cfbundle; includeInIndex = 0; path = InputTestTests.xctest; sourceTree = BUILT_PRODUCTS_DIR; };
		533E865319B7145D002DB43F /* Info.plist */ = {isa = PBXFileReference; lastKnownFileType = text.plist.xml; path = Info.plist; sourceTree = "<group>"; };
		533E865419B7145D002DB43F /* InputTestTests.swift */ = {isa = PBXFileReference; lastKnownFileType = sourcecode.swift; path = InputTestTests.swift; sourceTree = "<group>"; };
		533E866919B7163A002DB43F /* InputViewController.swift */ = {isa = PBXFileReference; fileEncoding = 4; lastKnownFileType = sourcecode.swift; path = InputViewController.swift; sourceTree = "<group>"; };
/* End PBXFileReference section */

/* Begin PBXFrameworksBuildPhase section */
		533E863919B7145D002DB43F /* Frameworks */ = {
			isa = PBXFrameworksBuildPhase;
			buildActionMask = 2147483647;
			files = (
			);
			runOnlyForDeploymentPostprocessing = 0;
		};
		533E864B19B7145D002DB43F /* Frameworks */ = {
			isa = PBXFrameworksBuildPhase;
			buildActionMask = 2147483647;
			files = (
			);
			runOnlyForDeploymentPostprocessing = 0;
		};
/* End PBXFrameworksBuildPhase section */

/* Begin PBXGroup section */
		533E863319B7145D002DB43F = {
			isa = PBXGroup;
			children = (
				533E863E19B7145D002DB43F /* InputTest */,
				533E865119B7145D002DB43F /* InputTestTests */,
				533E863D19B7145D002DB43F /* Products */,
			);
			sourceTree = "<group>";
		};
		533E863D19B7145D002DB43F /* Products */ = {
			isa = PBXGroup;
			children = (
				533E863C19B7145D002DB43F /* InputTest.app */,
				533E864E19B7145D002DB43F /* InputTestTests.xctest */,
			);
			name = Products;
			sourceTree = "<group>";
		};
		533E863E19B7145D002DB43F /* InputTest */ = {
			isa = PBXGroup;
			children = (
				533E866919B7163A002DB43F /* InputViewController.swift */,
				533E864119B7145D002DB43F /* AppDelegate.swift */,
				533E864319B7145D002DB43F /* ViewController.swift */,
				533E864519B7145D002DB43F /* Main.storyboard */,
				533E864819B7145D002DB43F /* Images.xcassets */,
				533E863F19B7145D002DB43F /* Supporting Files */,
			);
			path = InputTest;
			sourceTree = "<group>";
		};
		533E863F19B7145D002DB43F /* Supporting Files */ = {
			isa = PBXGroup;
			children = (
				533E864019B7145D002DB43F /* Info.plist */,
			);
			name = "Supporting Files";
			sourceTree = "<group>";
		};
		533E865119B7145D002DB43F /* InputTestTests */ = {
			isa = PBXGroup;
			children = (
				533E865419B7145D002DB43F /* InputTestTests.swift */,
				533E865219B7145D002DB43F /* Supporting Files */,
			);
			path = InputTestTests;
			sourceTree = "<group>";
		};
		533E865219B7145D002DB43F /* Supporting Files */ = {
			isa = PBXGroup;
			children = (
				533E865319B7145D002DB43F /* Info.plist */,
			);
			name = "Supporting Files";
			sourceTree = "<group>";
		};
/* End PBXGroup section */

/* Begin PBXNativeTarget section */
		533E863B19B7145D002DB43F /* InputTest */ = {
			isa = PBXNativeTarget;
			buildConfigurationList = 533E865819B7145D002DB43F /* Build configuration list for PBXNativeTarget "InputTest" */;
			buildPhases = (
				533E863819B7145D002DB43F /* Sources */,
				533E863919B7145D002DB43F /* Frameworks */,
				533E863A19B7145D002DB43F /* Resources */,
			);
			buildRules = (
			);
			dependencies = (
			);
			name = InputTest;
			productName = InputTest;
			productReference = 533E863C19B7145D002DB43F /* InputTest.app */;
			productType = "com.apple.product-type.application";
		};
		533E864D19B7145D002DB43F /* InputTestTests */ = {
			isa = PBXNativeTarget;
			buildConfigurationList = 533E865B19B7145D002DB43F /* Build configuration list for PBXNativeTarget "InputTestTests" */;
			buildPhases = (
				533E864A19B7145D002DB43F /* Sources */,
				533E864B19B7145D002DB43F /* Frameworks */,
				533E864C19B7145D002DB43F /* Resources */,
			);
			buildRules = (
			);
			dependencies = (
				533E865019B7145D002DB43F /* PBXTargetDependency */,
			);
			name = InputTestTests;
			productName = InputTestTests;
			productReference = 533E864E19B7145D002DB43F /* InputTestTests.xctest */;
			productType = "com.apple.product-type.bundle.unit-test";
		};
/* End PBXNativeTarget section */

/* Begin PBXProject section */
		533E863419B7145D002DB43F /* Project object */ = {
			isa = PBXProject;
			attributes = {
				LastUpgradeCheck = 0600;
				ORGANIZATIONNAME = "神楽坂雅詩";
				TargetAttributes = {
					533E863B19B7145D002DB43F = {
						CreatedOnToolsVersion = 6.0;
					};
					533E864D19B7145D002DB43F = {
						CreatedOnToolsVersion = 6.0;
						TestTargetID = 533E863B19B7145D002DB43F;
					};
				};
			};
			buildConfigurationList = 533E863719B7145D002DB43F /* Build configuration list for PBXProject "InputTest" */;
			compatibilityVersion = "Xcode 3.2";
			developmentRegion = English;
			hasScannedForEncodings = 0;
			knownRegions = (
				en,
				Base,
			);
			mainGroup = 533E863319B7145D002DB43F;
			productRefGroup = 533E863D19B7145D002DB43F /* Products */;
			projectDirPath = "";
			projectRoot = "";
			targets = (
				533E863B19B7145D002DB43F /* InputTest */,
				533E864D19B7145D002DB43F /* InputTestTests */,
			);
		};
/* End PBXProject section */

/* Begin PBXResourcesBuildPhase section */
		533E863A19B7145D002DB43F /* Resources */ = {
			isa = PBXResourcesBuildPhase;
			buildActionMask = 2147483647;
			files = (
				533E864719B7145D002DB43F /* Main.storyboard in Resources */,
				533E864919B7145D002DB43F /* Images.xcassets in Resources */,
			);
			runOnlyForDeploymentPostprocessing = 0;
		};
		533E864C19B7145D002DB43F /* Resources */ = {
			isa = PBXResourcesBuildPhase;
			buildActionMask = 2147483647;
			files = (
			);
			runOnlyForDeploymentPostprocessing = 0;
		};
/* End PBXResourcesBuildPhase section */

/* Begin PBXSourcesBuildPhase section */
		533E863819B7145D002DB43F /* Sources */ = {
			isa = PBXSourcesBuildPhase;
			buildActionMask = 2147483647;
			files = (
				533E866A19B7163A002DB43F /* InputViewController.swift in Sources */,
				533E864419B7145D002DB43F /* ViewController.swift in Sources */,
				533E864219B7145D002DB43F /* AppDelegate.swift in Sources */,
			);
			runOnlyForDeploymentPostprocessing = 0;
		};
		533E864A19B7145D002DB43F /* Sources */ = {
			isa = PBXSourcesBuildPhase;
			buildActionMask = 2147483647;
			files = (
				533E865519B7145D002DB43F /* InputTestTests.swift in Sources */,
			);
			runOnlyForDeploymentPostprocessing = 0;
		};
/* End PBXSourcesBuildPhase section */

/* Begin PBXTargetDependency section */
		533E865019B7145D002DB43F /* PBXTargetDependency */ = {
			isa = PBXTargetDependency;
			target = 533E863B19B7145D002DB43F /* InputTest */;
			targetProxy = 533E864F19B7145D002DB43F /* PBXContainerItemProxy */;
		};
/* End PBXTargetDependency section */

/* Begin PBXVariantGroup section */
		533E864519B7145D002DB43F /* Main.storyboard */ = {
			isa = PBXVariantGroup;
			children = (
				533E864619B7145D002DB43F /* Base */,
			);
			name = Main.storyboard;
			sourceTree = "<group>";
		};
/* End PBXVariantGroup section */

/* Begin XCBuildConfiguration section */
		533E865619B7145D002DB43F /* Debug */ = {
			isa = XCBuildConfiguration;
			buildSettings = {
				ALWAYS_SEARCH_USER_PATHS = NO;
				CLANG_CXX_LANGUAGE_STANDARD = "gnu++0x";
				CLANG_CXX_LIBRARY = "libc++";
				CLANG_ENABLE_MODULES = YES;
				CLANG_ENABLE_OBJC_ARC = YES;
				CLANG_WARN_BOOL_CONVERSION = YES;
				CLANG_WARN_CONSTANT_CONVERSION = YES;
				CLANG_WARN_DIRECT_OBJC_ISA_USAGE = YES_ERROR;
				CLANG_WARN_EMPTY_BODY = YES;
				CLANG_WARN_ENUM_CONVERSION = YES;
				CLANG_WARN_INT_CONVERSION = YES;
				CLANG_WARN_OBJC_ROOT_CLASS = YES_ERROR;
				CLANG_WARN_UNREACHABLE_CODE = YES;
				CLANG_WARN__DUPLICATE_METHOD_MATCH = YES;
				"CODE_SIGN_IDENTITY[sdk=iphoneos*]" = "iPhone Developer";
				COPY_PHASE_STRIP = NO;
				ENABLE_STRICT_OBJC_MSGSEND = YES;
				GCC_C_LANGUAGE_STANDARD = gnu99;
				GCC_DYNAMIC_NO_PIC = NO;
				GCC_OPTIMIZATION_LEVEL = 0;
				GCC_PREPROCESSOR_DEFINITIONS = (
					"DEBUG=1",
					"$(inherited)",
				);
				GCC_SYMBOLS_PRIVATE_EXTERN = NO;
				GCC_WARN_64_TO_32_BIT_CONVERSION = YES;
				GCC_WARN_ABOUT_RETURN_TYPE = YES_ERROR;
				GCC_WARN_UNDECLARED_SELECTOR = YES;
				GCC_WARN_UNINITIALIZED_AUTOS = YES_AGGRESSIVE;
				GCC_WARN_UNUSED_FUNCTION = YES;
				GCC_WARN_UNUSED_VARIABLE = YES;
				IPHONEOS_DEPLOYMENT_TARGET = 8.0;
				MTL_ENABLE_DEBUG_INFO = YES;
				ONLY_ACTIVE_ARCH = YES;
				SDKROOT = iphoneos;
				SWIFT_OPTIMIZATION_LEVEL = "-Onone";
				TARGETED_DEVICE_FAMILY = "1,2";
			};
			name = Debug;
		};
		533E865719B7145D002DB43F /* Release */ = {
			isa = XCBuildConfiguration;
			buildSettings = {
				ALWAYS_SEARCH_USER_PATHS = NO;
				CLANG_CXX_LANGUAGE_STANDARD = "gnu++0x";
				CLANG_CXX_LIBRARY = "libc++";
				CLANG_ENABLE_MODULES = YES;
				CLANG_ENABLE_OBJC_ARC = YES;
				CLANG_WARN_BOOL_CONVERSION = YES;
				CLANG_WARN_CONSTANT_CONVERSION = YES;
				CLANG_WARN_DIRECT_OBJC_ISA_USAGE = YES_ERROR;
				CLANG_WARN_EMPTY_BODY = YES;
				CLANG_WARN_ENUM_CONVERSION = YES;
				CLANG_WARN_INT_CONVERSION = YES;
				CLANG_WARN_OBJC_ROOT_CLASS = YES_ERROR;
				CLANG_WARN_UNREACHABLE_CODE = YES;
				CLANG_WARN__DUPLICATE_METHOD_MATCH = YES;
				"CODE_SIGN_IDENTITY[sdk=iphoneos*]" = "iPhone Developer";
				COPY_PHASE_STRIP = YES;
				ENABLE_NS_ASSERTIONS = NO;
				ENABLE_STRICT_OBJC_MSGSEND = YES;
				GCC_C_LANGUAGE_STANDARD = gnu99;
				GCC_WARN_64_TO_32_BIT_CONVERSION = YES;
				GCC_WARN_ABOUT_RETURN_TYPE = YES_ERROR;
				GCC_WARN_UNDECLARED_SELECTOR = YES;
				GCC_WARN_UNINITIALIZED_AUTOS = YES_AGGRESSIVE;
				GCC_WARN_UNUSED_FUNCTION = YES;
				GCC_WARN_UNUSED_VARIABLE = YES;
				IPHONEOS_DEPLOYMENT_TARGET = 8.0;
				MTL_ENABLE_DEBUG_INFO = NO;
				SDKROOT = iphoneos;
				TARGETED_DEVICE_FAMILY = "1,2";
				VALIDATE_PRODUCT = YES;
			};
			name = Release;
		};
		533E865919B7145D002DB43F /* Debug */ = {
			isa = XCBuildConfiguration;
			buildSettings = {
				ASSETCATALOG_COMPILER_APPICON_NAME = AppIcon;
				ASSETCATALOG_COMPILER_LAUNCHIMAGE_NAME = LaunchImage;
				INFOPLIST_FILE = InputTest/Info.plist;
				LD_RUNPATH_SEARCH_PATHS = "$(inherited) @executable_path/Frameworks";
				PRODUCT_NAME = "$(TARGET_NAME)";
			};
			name = Debug;
		};
		533E865A19B7145D002DB43F /* Release */ = {
			isa = XCBuildConfiguration;
			buildSettings = {
				ASSETCATALOG_COMPILER_APPICON_NAME = AppIcon;
				ASSETCATALOG_COMPILER_LAUNCHIMAGE_NAME = LaunchImage;
				INFOPLIST_FILE = InputTest/Info.plist;
				LD_RUNPATH_SEARCH_PATHS = "$(inherited) @executable_path/Frameworks";
				PRODUCT_NAME = "$(TARGET_NAME)";
			};
			name = Release;
		};
		533E865C19B7145D002DB43F /* Debug */ = {
			isa = XCBuildConfiguration;
			buildSettings = {
				BUNDLE_LOADER = "$(TEST_HOST)";
				FRAMEWORK_SEARCH_PATHS = (
					"$(SDKROOT)/Developer/Library/Frameworks",
					"$(inherited)",
				);
				GCC_PREPROCESSOR_DEFINITIONS = (
					"DEBUG=1",
					"$(inherited)",
				);
				INFOPLIST_FILE = InputTestTests/Info.plist;
				LD_RUNPATH_SEARCH_PATHS = "$(inherited) @executable_path/Frameworks @loader_path/Frameworks";
				PRODUCT_NAME = "$(TARGET_NAME)";
				TEST_HOST = "$(BUILT_PRODUCTS_DIR)/InputTest.app/InputTest";
			};
			name = Debug;
		};
		533E865D19B7145D002DB43F /* Release */ = {
			isa = XCBuildConfiguration;
			buildSettings = {
				BUNDLE_LOADER = "$(TEST_HOST)";
				FRAMEWORK_SEARCH_PATHS = (
					"$(SDKROOT)/Developer/Library/Frameworks",
					"$(inherited)",
				);
				INFOPLIST_FILE = InputTestTests/Info.plist;
				LD_RUNPATH_SEARCH_PATHS = "$(inherited) @executable_path/Frameworks @loader_path/Frameworks";
				PRODUCT_NAME = "$(TARGET_NAME)";
				TEST_HOST = "$(BUILT_PRODUCTS_DIR)/InputTest.app/InputTest";
			};
			name = Release;
		};
/* End XCBuildConfiguration section */

/* Begin XCConfigurationList section */
		533E863719B7145D002DB43F /* Build configuration list for PBXProject "InputTest" */ = {
			isa = XCConfigurationList;
			buildConfigurations = (
				533E865619B7145D002DB43F /* Debug */,
				533E865719B7145D002DB43F /* Release */,
			);
			defaultConfigurationIsVisible = 0;
			defaultConfigurationName = Release;
		};
		533E865819B7145D002DB43F /* Build configuration list for PBXNativeTarget "InputTest" */ = {
			isa = XCConfigurationList;
			buildConfigurations = (
				533E865919B7145D002DB43F /* Debug */,
				533E865A19B7145D002DB43F /* Release */,
			);
			defaultConfigurationIsVisible = 0;
		};
		533E865B19B7145D002DB43F /* Build configuration list for PBXNativeTarget "InputTestTests" */ = {
			isa = XCConfigurationList;
			buildConfigurations = (
				533E865C19B7145D002DB43F /* Debug */,
				533E865D19B7145D002DB43F /* Release */,
			);
			defaultConfigurationIsVisible = 0;
		};
/* End XCConfigurationList section */
	};
	rootObject = 533E863419B7145D002DB43F /* Project object */;
}
