// !$*UTF8*$!
{
	archiveVersion = 1;
	classes = {
	};
	objectVersion = 46;
	objects = {

/* Begin PBXBuildFile section */
		5332F843199A2354006F76CA /* nouserimg.jpg in Resources */ = {isa = PBXBuildFile; fileRef = 5332F842199A2354006F76CA /* nouserimg.jpg */; };
		5346D9301993181C00CEFA4B /* XMLDictionary.m in Sources */ = {isa = PBXBuildFile; fileRef = 5346D92F1993181C00CEFA4B /* XMLDictionary.m */; };
		5346D9321993186500CEFA4B /* XMLReader.swift in Sources */ = {isa = PBXBuildFile; fileRef = 5346D9311993186500CEFA4B /* XMLReader.swift */; };
		5346D93519931C9200CEFA4B /* SwitchCoder.swift in Sources */ = {isa = PBXBuildFile; fileRef = 5346D93419931C9200CEFA4B /* SwitchCoder.swift */; };
		5355FCBB1990C20700D70CA4 /* NetworkDownload.swift in Sources */ = {isa = PBXBuildFile; fileRef = 5355FCBA1990C20700D70CA4 /* NetworkDownload.swift */; };
		5355FCBD1990C21C00D70CA4 /* FileManager.swift in Sources */ = {isa = PBXBuildFile; fileRef = 5355FCBC1990C21C00D70CA4 /* FileManager.swift */; };
		53577339199B085D003FF9D3 /* ScoreTableViewController.swift in Sources */ = {isa = PBXBuildFile; fileRef = 53577338199B085D003FF9D3 /* ScoreTableViewController.swift */; };
		5357733C199B1584003FF9D3 /* default.plist in Resources */ = {isa = PBXBuildFile; fileRef = 5357733B199B1584003FF9D3 /* default.plist */; };
		538D3E9E199471F100F5692F /* Md5Coder.swift in Sources */ = {isa = PBXBuildFile; fileRef = 538D3E9D199471F100F5692F /* Md5Coder.swift */; };
		53906A891999AFEF000020D1 /* SettingManager.swift in Sources */ = {isa = PBXBuildFile; fileRef = 53906A881999AFEF000020D1 /* SettingManager.swift */; };
		53906A9F1999D5E2000020D1 /* CEViewController.swift in Sources */ = {isa = PBXBuildFile; fileRef = 53906A9E1999D5E2000020D1 /* CEViewController.swift */; };
		53995A4F1991C2A4008B12E0 /* MainTBViewController.swift in Sources */ = {isa = PBXBuildFile; fileRef = 53995A4E1991C2A4008B12E0 /* MainTBViewController.swift */; };
		53995A511991C434008B12E0 /* CustomStatusBar.swift in Sources */ = {isa = PBXBuildFile; fileRef = 53995A501991C434008B12E0 /* CustomStatusBar.swift */; };
		53995A571991E8B1008B12E0 /* JSONReader.swift in Sources */ = {isa = PBXBuildFile; fileRef = 53995A561991E8B1008B12E0 /* JSONReader.swift */; };
		53995A93199245BE008B12E0 /* libxml2.2.dylib in Frameworks */ = {isa = PBXBuildFile; fileRef = 53995A92199245BE008B12E0 /* libxml2.2.dylib */; };
		53DF28F3196B9CF40058AA42 /* AppDelegate.swift in Sources */ = {isa = PBXBuildFile; fileRef = 53DF28F2196B9CF40058AA42 /* AppDelegate.swift */; };
		53DF28F5196B9CF40058AA42 /* ViewController.swift in Sources */ = {isa = PBXBuildFile; fileRef = 53DF28F4196B9CF40058AA42 /* ViewController.swift */; };
		53DF28F8196B9CF40058AA42 /* Main.storyboard in Resources */ = {isa = PBXBuildFile; fileRef = 53DF28F6196B9CF40058AA42 /* Main.storyboard */; };
		53DF28FA196B9CF40058AA42 /* Images.xcassets in Resources */ = {isa = PBXBuildFile; fileRef = 53DF28F9196B9CF40058AA42 /* Images.xcassets */; };
		53DF2906196B9CF40058AA42 /* CloudEmoticon2iOSTests.swift in Sources */ = {isa = PBXBuildFile; fileRef = 53DF2905196B9CF40058AA42 /* CloudEmoticon2iOSTests.swift */; };
		53E0E4AD19947C2800C9D9FC /* MD5.m in Sources */ = {isa = PBXBuildFile; fileRef = 53E0E4AC19947C2800C9D9FC /* MD5.m */; };
		53E0E4B11994854C00C9D9FC /* PubVar.swift in Sources */ = {isa = PBXBuildFile; fileRef = 53E0E4B01994854C00C9D9FC /* PubVar.swift */; };
		53E0E4B51994A8DD00C9D9FC /* Settings.bundle in Resources */ = {isa = PBXBuildFile; fileRef = 53E0E4B41994A8DD00C9D9FC /* Settings.bundle */; };
		53E0E4BA1994B2F800C9D9FC /* settings-vector.png in Resources */ = {isa = PBXBuildFile; fileRef = 53E0E4B81994B2F800C9D9FC /* settings-vector.png */; };
		53E0E4BB1994B2F800C9D9FC /* settings-vector@2x.png in Resources */ = {isa = PBXBuildFile; fileRef = 53E0E4B91994B2F800C9D9FC /* settings-vector@2x.png */; };
		53ED64C519A48A74008CE9BD /* NotificationView.swift in Sources */ = {isa = PBXBuildFile; fileRef = 53ED64C419A48A74008CE9BD /* NotificationView.swift */; };
		8B26E81F196E685900355F3B /* idea-vector.png in Resources */ = {isa = PBXBuildFile; fileRef = 8B26E81D196E685900355F3B /* idea-vector.png */; };
		8B26E820196E685900355F3B /* idea-vector@2x.png in Resources */ = {isa = PBXBuildFile; fileRef = 8B26E81E196E685900355F3B /* idea-vector@2x.png */; };
		8B98EEA1196D3258000D255E /* shared-vector.png in Resources */ = {isa = PBXBuildFile; fileRef = 8B98EE9F196D3258000D255E /* shared-vector.png */; };
		8B98EEA2196D3258000D255E /* shared-vector@2x.png in Resources */ = {isa = PBXBuildFile; fileRef = 8B98EEA0196D3258000D255E /* shared-vector@2x.png */; };
		8B98EEA5196D3390000D255E /* star-vector.png in Resources */ = {isa = PBXBuildFile; fileRef = 8B98EEA3196D3390000D255E /* star-vector.png */; };
		8B98EEA6196D3390000D255E /* star-vector@2x.png in Resources */ = {isa = PBXBuildFile; fileRef = 8B98EEA4196D3390000D255E /* star-vector@2x.png */; };
		8B98EEAD196D36A2000D255E /* edit-vector.png in Resources */ = {isa = PBXBuildFile; fileRef = 8B98EEAB196D36A2000D255E /* edit-vector.png */; };
		8B98EEAE196D36A2000D255E /* edit-vector@2x.png in Resources */ = {isa = PBXBuildFile; fileRef = 8B98EEAC196D36A2000D255E /* edit-vector@2x.png */; };
		8BE31F59196D38A7006C3B26 /* clock-vector.png in Resources */ = {isa = PBXBuildFile; fileRef = 8BE31F57196D38A7006C3B26 /* clock-vector.png */; };
		8BE31F5A196D38A7006C3B26 /* clock-vector@2x.png in Resources */ = {isa = PBXBuildFile; fileRef = 8BE31F58196D38A7006C3B26 /* clock-vector@2x.png */; };
		8BE31F5D196D3EF3006C3B26 /* globe-vector.png in Resources */ = {isa = PBXBuildFile; fileRef = 8BE31F5B196D3EF3006C3B26 /* globe-vector.png */; };
		8BE31F5E196D3EF3006C3B26 /* globe-vector@2x.png in Resources */ = {isa = PBXBuildFile; fileRef = 8BE31F5C196D3EF3006C3B26 /* globe-vector@2x.png */; };
		8BE31F65196D443C006C3B26 /* info-vector.png in Resources */ = {isa = PBXBuildFile; fileRef = 8BE31F63196D443C006C3B26 /* info-vector.png */; };
		8BE31F66196D443C006C3B26 /* info-vector@2x.png in Resources */ = {isa = PBXBuildFile; fileRef = 8BE31F64196D443C006C3B26 /* info-vector@2x.png */; };
		8BEA2DEC199646E90029715E /* MainInterface.storyboard in Resources */ = {isa = PBXBuildFile; fileRef = 8BF8ACFB199335D7001207FC /* MainInterface.storyboard */; };
		8BF8ACF5199335D7001207FC /* NotificationCenter.framework in Frameworks */ = {isa = PBXBuildFile; fileRef = 8BF8ACF4199335D7001207FC /* NotificationCenter.framework */; };
		8BF8ACFA199335D7001207FC /* TodayViewController.swift in Sources */ = {isa = PBXBuildFile; fileRef = 8BF8ACF9199335D7001207FC /* TodayViewController.swift */; };
		8BF8ACFF199335D7001207FC /* CE2NCWidget.appex in Embed App Extensions */ = {isa = PBXBuildFile; fileRef = 8BF8ACF2199335D7001207FC /* CE2NCWidget.appex */; };
/* End PBXBuildFile section */

/* Begin PBXContainerItemProxy section */
		5346D9371993392C00CEFA4B /* PBXContainerItemProxy */ = {
			isa = PBXContainerItemProxy;
			containerPortal = 53DF28E5196B9CF40058AA42 /* Project object */;
			proxyType = 1;
			remoteGlobalIDString = 53DF28EC196B9CF40058AA42;
			remoteInfo = CloudEmoticon2iOS;
		};
		53DF2900196B9CF40058AA42 /* PBXContainerItemProxy */ = {
			isa = PBXContainerItemProxy;
			containerPortal = 53DF28E5196B9CF40058AA42 /* Project object */;
			proxyType = 1;
			remoteGlobalIDString = 53DF28EC196B9CF40058AA42;
			remoteInfo = CloudEmoticon2iOS;
		};
		8BEA2DEF199663470029715E /* PBXContainerItemProxy */ = {
			isa = PBXContainerItemProxy;
			containerPortal = 53DF28E5196B9CF40058AA42 /* Project object */;
			proxyType = 1;
			remoteGlobalIDString = 53DF28EC196B9CF40058AA42;
			remoteInfo = CloudEmoticon2iOS;
		};
		8BF8ACFD199335D7001207FC /* PBXContainerItemProxy */ = {
			isa = PBXContainerItemProxy;
			containerPortal = 53DF28E5196B9CF40058AA42 /* Project object */;
			proxyType = 1;
			remoteGlobalIDString = 8BF8ACF1199335D7001207FC;
			remoteInfo = CE2NCWidget;
		};
		8BF8AD00199335D7001207FC /* PBXContainerItemProxy */ = {
			isa = PBXContainerItemProxy;
			containerPortal = 53DF28E5196B9CF40058AA42 /* Project object */;
			proxyType = 1;
			remoteGlobalIDString = 8BF8ACF1199335D7001207FC;
			remoteInfo = CE2NCWidget;
		};
/* End PBXContainerItemProxy section */

/* Begin PBXCopyFilesBuildPhase section */
		8BE06D2419967331004C3870 /* Embed Frameworks */ = {
			isa = PBXCopyFilesBuildPhase;
			buildActionMask = 2147483647;
			dstPath = "";
			dstSubfolderSpec = 10;
			files = (
			);
			name = "Embed Frameworks";
			runOnlyForDeploymentPostprocessing = 0;
		};
		8BF8AD05199335D7001207FC /* Embed App Extensions */ = {
			isa = PBXCopyFilesBuildPhase;
			buildActionMask = 2147483647;
			dstPath = "";
			dstSubfolderSpec = 13;
			files = (
				8BF8ACFF199335D7001207FC /* CE2NCWidget.appex in Embed App Extensions */,
			);
			name = "Embed App Extensions";
			runOnlyForDeploymentPostprocessing = 0;
		};
/* End PBXCopyFilesBuildPhase section */

/* Begin PBXFileReference section */
		5332F842199A2354006F76CA /* nouserimg.jpg */ = {isa = PBXFileReference; lastKnownFileType = image.jpeg; path = nouserimg.jpg; sourceTree = "<group>"; };
		5346D92E1993181C00CEFA4B /* XMLDictionary.h */ = {isa = PBXFileReference; fileEncoding = 4; lastKnownFileType = sourcecode.c.h; path = XMLDictionary.h; sourceTree = "<group>"; };
		5346D92F1993181C00CEFA4B /* XMLDictionary.m */ = {isa = PBXFileReference; fileEncoding = 4; lastKnownFileType = sourcecode.c.objc; path = XMLDictionary.m; sourceTree = "<group>"; };
		5346D9311993186500CEFA4B /* XMLReader.swift */ = {isa = PBXFileReference; fileEncoding = 4; lastKnownFileType = sourcecode.swift; path = XMLReader.swift; sourceTree = "<group>"; };
		5346D93419931C9200CEFA4B /* SwitchCoder.swift */ = {isa = PBXFileReference; fileEncoding = 4; lastKnownFileType = sourcecode.swift; path = SwitchCoder.swift; sourceTree = "<group>"; };
		5346D9361993389600CEFA4B /* CloudEmoticon2iOS.entitlements */ = {isa = PBXFileReference; lastKnownFileType = text.xml; path = CloudEmoticon2iOS.entitlements; sourceTree = "<group>"; };
		5346D9391993393000CEFA4B /* CE2NCWidget.entitlements */ = {isa = PBXFileReference; lastKnownFileType = text.xml; path = CE2NCWidget.entitlements; sourceTree = "<group>"; };
		5355FCBA1990C20700D70CA4 /* NetworkDownload.swift */ = {isa = PBXFileReference; fileEncoding = 4; lastKnownFileType = sourcecode.swift; path = NetworkDownload.swift; sourceTree = "<group>"; };
		5355FCBC1990C21C00D70CA4 /* FileManager.swift */ = {isa = PBXFileReference; fileEncoding = 4; lastKnownFileType = sourcecode.swift; path = FileManager.swift; sourceTree = "<group>"; };
		53577338199B085D003FF9D3 /* ScoreTableViewController.swift */ = {isa = PBXFileReference; fileEncoding = 4; lastKnownFileType = sourcecode.swift; path = ScoreTableViewController.swift; sourceTree = "<group>"; };
		5357733B199B1584003FF9D3 /* default.plist */ = {isa = PBXFileReference; fileEncoding = 4; lastKnownFileType = text.plist.xml; path = default.plist; sourceTree = "<group>"; };
		538D3E9B19946E6E00F5692F /* libcommonCrypto.dylib */ = {isa = PBXFileReference; lastKnownFileType = "compiled.mach-o.dylib"; name = libcommonCrypto.dylib; path = usr/lib/system/libcommonCrypto.dylib; sourceTree = SDKROOT; };
		538D3E9D199471F100F5692F /* Md5Coder.swift */ = {isa = PBXFileReference; fileEncoding = 4; lastKnownFileType = sourcecode.swift; path = Md5Coder.swift; sourceTree = "<group>"; };
		53906A881999AFEF000020D1 /* SettingManager.swift */ = {isa = PBXFileReference; fileEncoding = 4; lastKnownFileType = sourcecode.swift; path = SettingManager.swift; sourceTree = "<group>"; };
		53906A9E1999D5E2000020D1 /* CEViewController.swift */ = {isa = PBXFileReference; fileEncoding = 4; lastKnownFileType = sourcecode.swift; path = CEViewController.swift; sourceTree = "<group>"; };
		53995A4E1991C2A4008B12E0 /* MainTBViewController.swift */ = {isa = PBXFileReference; fileEncoding = 4; lastKnownFileType = sourcecode.swift; path = MainTBViewController.swift; sourceTree = "<group>"; };
		53995A501991C434008B12E0 /* CustomStatusBar.swift */ = {isa = PBXFileReference; fileEncoding = 4; lastKnownFileType = sourcecode.swift; path = CustomStatusBar.swift; sourceTree = "<group>"; };
		53995A561991E8B1008B12E0 /* JSONReader.swift */ = {isa = PBXFileReference; fileEncoding = 4; lastKnownFileType = sourcecode.swift; path = JSONReader.swift; sourceTree = "<group>"; };
		53995A581992063B008B12E0 /* CloudEmoticon2iOS-Bridging-Header.h */ = {isa = PBXFileReference; lastKnownFileType = sourcecode.c.h; path = "CloudEmoticon2iOS-Bridging-Header.h"; sourceTree = "<group>"; };
		53995A92199245BE008B12E0 /* libxml2.2.dylib */ = {isa = PBXFileReference; lastKnownFileType = "compiled.mach-o.dylib"; name = libxml2.2.dylib; path = usr/lib/libxml2.2.dylib; sourceTree = SDKROOT; };
		53DF28ED196B9CF40058AA42 /* CloudEmoticon2iOS.app */ = {isa = PBXFileReference; explicitFileType = wrapper.application; includeInIndex = 0; path = CloudEmoticon2iOS.app; sourceTree = BUILT_PRODUCTS_DIR; };
		53DF28F1196B9CF40058AA42 /* Info.plist */ = {isa = PBXFileReference; lastKnownFileType = text.plist.xml; path = Info.plist; sourceTree = "<group>"; };
		53DF28F2196B9CF40058AA42 /* AppDelegate.swift */ = {isa = PBXFileReference; lastKnownFileType = sourcecode.swift; path = AppDelegate.swift; sourceTree = "<group>"; };
		53DF28F4196B9CF40058AA42 /* ViewController.swift */ = {isa = PBXFileReference; lastKnownFileType = sourcecode.swift; path = ViewController.swift; sourceTree = "<group>"; };
		53DF28F7196B9CF40058AA42 /* Base */ = {isa = PBXFileReference; lastKnownFileType = file.storyboard; name = Base; path = Base.lproj/Main.storyboard; sourceTree = "<group>"; };
		53DF28F9196B9CF40058AA42 /* Images.xcassets */ = {isa = PBXFileReference; lastKnownFileType = folder.assetcatalog; path = Images.xcassets; sourceTree = "<group>"; };
		53DF28FF196B9CF40058AA42 /* CloudEmoticon2iOSTests.xctest */ = {isa = PBXFileReference; explicitFileType = wrapper.cfbundle; includeInIndex = 0; path = CloudEmoticon2iOSTests.xctest; sourceTree = BUILT_PRODUCTS_DIR; };
		53DF2904196B9CF40058AA42 /* Info.plist */ = {isa = PBXFileReference; lastKnownFileType = text.plist.xml; path = Info.plist; sourceTree = "<group>"; };
		53DF2905196B9CF40058AA42 /* CloudEmoticon2iOSTests.swift */ = {isa = PBXFileReference; lastKnownFileType = sourcecode.swift; path = CloudEmoticon2iOSTests.swift; sourceTree = "<group>"; };
		53E0E4AB19947C2800C9D9FC /* MD5.h */ = {isa = PBXFileReference; fileEncoding = 4; lastKnownFileType = sourcecode.c.h; path = MD5.h; sourceTree = "<group>"; };
		53E0E4AC19947C2800C9D9FC /* MD5.m */ = {isa = PBXFileReference; fileEncoding = 4; lastKnownFileType = sourcecode.c.objc; path = MD5.m; sourceTree = "<group>"; };
		53E0E4B01994854C00C9D9FC /* PubVar.swift */ = {isa = PBXFileReference; fileEncoding = 4; lastKnownFileType = sourcecode.swift; path = PubVar.swift; sourceTree = "<group>"; };
		53E0E4B41994A8DD00C9D9FC /* Settings.bundle */ = {isa = PBXFileReference; lastKnownFileType = "wrapper.plug-in"; path = Settings.bundle; sourceTree = "<group>"; };
		53E0E4B81994B2F800C9D9FC /* settings-vector.png */ = {isa = PBXFileReference; lastKnownFileType = image.png; path = "settings-vector.png"; sourceTree = "<group>"; };
		53E0E4B91994B2F800C9D9FC /* settings-vector@2x.png */ = {isa = PBXFileReference; lastKnownFileType = image.png; path = "settings-vector@2x.png"; sourceTree = "<group>"; };
		53ED64C419A48A74008CE9BD /* NotificationView.swift */ = {isa = PBXFileReference; fileEncoding = 4; lastKnownFileType = sourcecode.swift; path = NotificationView.swift; sourceTree = "<group>"; };
		8B26E81D196E685900355F3B /* idea-vector.png */ = {isa = PBXFileReference; lastKnownFileType = image.png; path = "idea-vector.png"; sourceTree = "<group>"; };
		8B26E81E196E685900355F3B /* idea-vector@2x.png */ = {isa = PBXFileReference; lastKnownFileType = image.png; path = "idea-vector@2x.png"; sourceTree = "<group>"; };
		8B98EE9F196D3258000D255E /* shared-vector.png */ = {isa = PBXFileReference; lastKnownFileType = image.png; path = "shared-vector.png"; sourceTree = "<group>"; };
		8B98EEA0196D3258000D255E /* shared-vector@2x.png */ = {isa = PBXFileReference; lastKnownFileType = image.png; path = "shared-vector@2x.png"; sourceTree = "<group>"; };
		8B98EEA3196D3390000D255E /* star-vector.png */ = {isa = PBXFileReference; lastKnownFileType = image.png; path = "star-vector.png"; sourceTree = "<group>"; };
		8B98EEA4196D3390000D255E /* star-vector@2x.png */ = {isa = PBXFileReference; lastKnownFileType = image.png; path = "star-vector@2x.png"; sourceTree = "<group>"; };
		8B98EEAB196D36A2000D255E /* edit-vector.png */ = {isa = PBXFileReference; lastKnownFileType = image.png; path = "edit-vector.png"; sourceTree = "<group>"; };
		8B98EEAC196D36A2000D255E /* edit-vector@2x.png */ = {isa = PBXFileReference; lastKnownFileType = image.png; path = "edit-vector@2x.png"; sourceTree = "<group>"; };
		8BE31F57196D38A7006C3B26 /* clock-vector.png */ = {isa = PBXFileReference; lastKnownFileType = image.png; path = "clock-vector.png"; sourceTree = "<group>"; };
		8BE31F58196D38A7006C3B26 /* clock-vector@2x.png */ = {isa = PBXFileReference; lastKnownFileType = image.png; path = "clock-vector@2x.png"; sourceTree = "<group>"; };
		8BE31F5B196D3EF3006C3B26 /* globe-vector.png */ = {isa = PBXFileReference; lastKnownFileType = image.png; path = "globe-vector.png"; sourceTree = "<group>"; };
		8BE31F5C196D3EF3006C3B26 /* globe-vector@2x.png */ = {isa = PBXFileReference; lastKnownFileType = image.png; path = "globe-vector@2x.png"; sourceTree = "<group>"; };
		8BE31F63196D443C006C3B26 /* info-vector.png */ = {isa = PBXFileReference; lastKnownFileType = image.png; path = "info-vector.png"; sourceTree = "<group>"; };
		8BE31F64196D443C006C3B26 /* info-vector@2x.png */ = {isa = PBXFileReference; lastKnownFileType = image.png; path = "info-vector@2x.png"; sourceTree = "<group>"; };
		8BF8ACF2199335D7001207FC /* CE2NCWidget.appex */ = {isa = PBXFileReference; explicitFileType = "wrapper.app-extension"; includeInIndex = 0; path = CE2NCWidget.appex; sourceTree = BUILT_PRODUCTS_DIR; };
		8BF8ACF4199335D7001207FC /* NotificationCenter.framework */ = {isa = PBXFileReference; lastKnownFileType = wrapper.framework; name = NotificationCenter.framework; path = System/Library/Frameworks/NotificationCenter.framework; sourceTree = SDKROOT; };
		8BF8ACF8199335D7001207FC /* Info.plist */ = {isa = PBXFileReference; lastKnownFileType = text.plist.xml; path = Info.plist; sourceTree = "<group>"; };
		8BF8ACF9199335D7001207FC /* TodayViewController.swift */ = {isa = PBXFileReference; lastKnownFileType = sourcecode.swift; path = TodayViewController.swift; sourceTree = "<group>"; };
		8BF8ACFB199335D7001207FC /* MainInterface.storyboard */ = {isa = PBXFileReference; lastKnownFileType = file.storyboard; path = MainInterface.storyboard; sourceTree = "<group>"; };
/* End PBXFileReference section */

/* Begin PBXFrameworksBuildPhase section */
		53DF28EA196B9CF40058AA42 /* Frameworks */ = {
			isa = PBXFrameworksBuildPhase;
			buildActionMask = 2147483647;
			files = (
				53995A93199245BE008B12E0 /* libxml2.2.dylib in Frameworks */,
			);
			runOnlyForDeploymentPostprocessing = 0;
		};
		53DF28FC196B9CF40058AA42 /* Frameworks */ = {
			isa = PBXFrameworksBuildPhase;
			buildActionMask = 2147483647;
			files = (
			);
			runOnlyForDeploymentPostprocessing = 0;
		};
		8BF8ACEF199335D7001207FC /* Frameworks */ = {
			isa = PBXFrameworksBuildPhase;
			buildActionMask = 2147483647;
			files = (
				8BF8ACF5199335D7001207FC /* NotificationCenter.framework in Frameworks */,
			);
			runOnlyForDeploymentPostprocessing = 0;
		};
/* End PBXFrameworksBuildPhase section */

/* Begin PBXGroup section */
		5346D93319931C6100CEFA4B /* 数据模型 */ = {
			isa = PBXGroup;
			children = (
				53E0E4AB19947C2800C9D9FC /* MD5.h */,
				53E0E4AC19947C2800C9D9FC /* MD5.m */,
				538D3E9D199471F100F5692F /* Md5Coder.swift */,
				53995A561991E8B1008B12E0 /* JSONReader.swift */,
				5346D9311993186500CEFA4B /* XMLReader.swift */,
				5346D93419931C9200CEFA4B /* SwitchCoder.swift */,
				5355FCBC1990C21C00D70CA4 /* FileManager.swift */,
				53906A881999AFEF000020D1 /* SettingManager.swift */,
			);
			name = "数据模型";
			sourceTree = "<group>";
		};
		5355FCB91990C1D300D70CA4 /* 数据载入 */ = {
			isa = PBXGroup;
			children = (
				5346D92E1993181C00CEFA4B /* XMLDictionary.h */,
				5346D92F1993181C00CEFA4B /* XMLDictionary.m */,
				5355FCBA1990C20700D70CA4 /* NetworkDownload.swift */,
				53995A581992063B008B12E0 /* CloudEmoticon2iOS-Bridging-Header.h */,
			);
			name = "数据载入";
			sourceTree = "<group>";
		};
		5357733A199B0864003FF9D3 /* 源管理 */ = {
			isa = PBXGroup;
			children = (
				5357733B199B1584003FF9D3 /* default.plist */,
				53577338199B085D003FF9D3 /* ScoreTableViewController.swift */,
			);
			name = "源管理";
			sourceTree = "<group>";
		};
		53906A901999BDAE000020D1 /* 第三方类库 */ = {
			isa = PBXGroup;
			children = (
			);
			name = "第三方类库";
			sourceTree = "<group>";
		};
		53906A981999CA7E000020D1 /* 云颜文字 */ = {
			isa = PBXGroup;
			children = (
				53906A9E1999D5E2000020D1 /* CEViewController.swift */,
			);
			name = "云颜文字";
			sourceTree = "<group>";
		};
		53906A991999CAD0000020D1 /* 核心 */ = {
			isa = PBXGroup;
			children = (
				53DF28F2196B9CF40058AA42 /* AppDelegate.swift */,
				53DF28F4196B9CF40058AA42 /* ViewController.swift */,
				53995A4E1991C2A4008B12E0 /* MainTBViewController.swift */,
				53E0E4B01994854C00C9D9FC /* PubVar.swift */,
				53DF28F6196B9CF40058AA42 /* Main.storyboard */,
				53ED64C419A48A74008CE9BD /* NotificationView.swift */,
			);
			name = "核心";
			sourceTree = "<group>";
		};
		53995A531991C447008B12E0 /* 自定义状态栏 */ = {
			isa = PBXGroup;
			children = (
				53995A501991C434008B12E0 /* CustomStatusBar.swift */,
			);
			name = "自定义状态栏";
			sourceTree = "<group>";
		};
		53DF28E4196B9CF40058AA42 = {
			isa = PBXGroup;
			children = (
				53DF28EF196B9CF40058AA42 /* CloudEmoticon2iOS */,
				53DF2902196B9CF40058AA42 /* CloudEmoticon2iOSTests */,
				8BF8ACF6199335D7001207FC /* CE2NCWidget */,
				8BF8ACF3199335D7001207FC /* Frameworks */,
				53DF28EE196B9CF40058AA42 /* Products */,
			);
			sourceTree = "<group>";
		};
		53DF28EE196B9CF40058AA42 /* Products */ = {
			isa = PBXGroup;
			children = (
				53DF28ED196B9CF40058AA42 /* CloudEmoticon2iOS.app */,
				53DF28FF196B9CF40058AA42 /* CloudEmoticon2iOSTests.xctest */,
				8BF8ACF2199335D7001207FC /* CE2NCWidget.appex */,
			);
			name = Products;
			sourceTree = "<group>";
		};
		53DF28EF196B9CF40058AA42 /* CloudEmoticon2iOS */ = {
			isa = PBXGroup;
			children = (
				53906A991999CAD0000020D1 /* 核心 */,
				53906A981999CA7E000020D1 /* 云颜文字 */,
				5357733A199B0864003FF9D3 /* 源管理 */,
				53906A901999BDAE000020D1 /* 第三方类库 */,
				5346D9361993389600CEFA4B /* CloudEmoticon2iOS.entitlements */,
				5346D93319931C6100CEFA4B /* 数据模型 */,
				8B98EE9A196D2DC0000D255E /* images */,
				53DF28F9196B9CF40058AA42 /* Images.xcassets */,
				53DF28F0196B9CF40058AA42 /* Supporting Files */,
				5355FCB91990C1D300D70CA4 /* 数据载入 */,
				53995A531991C447008B12E0 /* 自定义状态栏 */,
				53E0E4B61994A95200C9D9FC /* 设置管理 */,
			);
			path = CloudEmoticon2iOS;
			sourceTree = "<group>";
		};
		53DF28F0196B9CF40058AA42 /* Supporting Files */ = {
			isa = PBXGroup;
			children = (
				53DF28F1196B9CF40058AA42 /* Info.plist */,
			);
			name = "Supporting Files";
			sourceTree = "<group>";
		};
		53DF2902196B9CF40058AA42 /* CloudEmoticon2iOSTests */ = {
			isa = PBXGroup;
			children = (
				53DF2905196B9CF40058AA42 /* CloudEmoticon2iOSTests.swift */,
				53DF2903196B9CF40058AA42 /* Supporting Files */,
			);
			path = CloudEmoticon2iOSTests;
			sourceTree = "<group>";
		};
		53DF2903196B9CF40058AA42 /* Supporting Files */ = {
			isa = PBXGroup;
			children = (
				53DF2904196B9CF40058AA42 /* Info.plist */,
			);
			name = "Supporting Files";
			sourceTree = "<group>";
		};
		53E0E4B61994A95200C9D9FC /* 设置管理 */ = {
			isa = PBXGroup;
			children = (
				53E0E4B41994A8DD00C9D9FC /* Settings.bundle */,
			);
			name = "设置管理";
			sourceTree = "<group>";
		};
		8B98EE9A196D2DC0000D255E /* images */ = {
			isa = PBXGroup;
			children = (
				5332F842199A2354006F76CA /* nouserimg.jpg */,
				53E0E4B81994B2F800C9D9FC /* settings-vector.png */,
				53E0E4B91994B2F800C9D9FC /* settings-vector@2x.png */,
				8B26E81D196E685900355F3B /* idea-vector.png */,
				8B26E81E196E685900355F3B /* idea-vector@2x.png */,
				8BE31F63196D443C006C3B26 /* info-vector.png */,
				8BE31F64196D443C006C3B26 /* info-vector@2x.png */,
				8BE31F5B196D3EF3006C3B26 /* globe-vector.png */,
				8BE31F5C196D3EF3006C3B26 /* globe-vector@2x.png */,
				8BE31F57196D38A7006C3B26 /* clock-vector.png */,
				8BE31F58196D38A7006C3B26 /* clock-vector@2x.png */,
				8B98EEAB196D36A2000D255E /* edit-vector.png */,
				8B98EEAC196D36A2000D255E /* edit-vector@2x.png */,
				8B98EEA3196D3390000D255E /* star-vector.png */,
				8B98EEA4196D3390000D255E /* star-vector@2x.png */,
				8B98EE9F196D3258000D255E /* shared-vector.png */,
				8B98EEA0196D3258000D255E /* shared-vector@2x.png */,
			);
			path = images;
			sourceTree = "<group>";
		};
		8BF8ACF3199335D7001207FC /* Frameworks */ = {
			isa = PBXGroup;
			children = (
				538D3E9B19946E6E00F5692F /* libcommonCrypto.dylib */,
				53995A92199245BE008B12E0 /* libxml2.2.dylib */,
				8BF8ACF4199335D7001207FC /* NotificationCenter.framework */,
			);
			name = Frameworks;
			sourceTree = "<group>";
		};
		8BF8ACF6199335D7001207FC /* CE2NCWidget */ = {
			isa = PBXGroup;
			children = (
				5346D9391993393000CEFA4B /* CE2NCWidget.entitlements */,
				8BF8ACF9199335D7001207FC /* TodayViewController.swift */,
				8BF8ACFB199335D7001207FC /* MainInterface.storyboard */,
				8BF8ACF7199335D7001207FC /* Supporting Files */,
			);
			path = CE2NCWidget;
			sourceTree = "<group>";
		};
		8BF8ACF7199335D7001207FC /* Supporting Files */ = {
			isa = PBXGroup;
			children = (
				8BF8ACF8199335D7001207FC /* Info.plist */,
			);
			name = "Supporting Files";
			sourceTree = "<group>";
		};
/* End PBXGroup section */

/* Begin PBXNativeTarget section */
		53DF28EC196B9CF40058AA42 /* CloudEmoticon2iOS */ = {
			isa = PBXNativeTarget;
			buildConfigurationList = 53DF2909196B9CF40058AA42 /* Build configuration list for PBXNativeTarget "CloudEmoticon2iOS" */;
			buildPhases = (
				53DF28E9196B9CF40058AA42 /* Sources */,
				53DF28EA196B9CF40058AA42 /* Frameworks */,
				53DF28EB196B9CF40058AA42 /* Resources */,
				8BF8AD05199335D7001207FC /* Embed App Extensions */,
				8BE06D2419967331004C3870 /* Embed Frameworks */,
			);
			buildRules = (
			);
			dependencies = (
				8BF8ACFE199335D7001207FC /* PBXTargetDependency */,
				8BF8AD01199335D7001207FC /* PBXTargetDependency */,
			);
			name = CloudEmoticon2iOS;
			productName = CloudEmoticon2iOS;
			productReference = 53DF28ED196B9CF40058AA42 /* CloudEmoticon2iOS.app */;
			productType = "com.apple.product-type.application";
		};
		53DF28FE196B9CF40058AA42 /* CloudEmoticon2iOSTests */ = {
			isa = PBXNativeTarget;
			buildConfigurationList = 53DF290C196B9CF40058AA42 /* Build configuration list for PBXNativeTarget "CloudEmoticon2iOSTests" */;
			buildPhases = (
				53DF28FB196B9CF40058AA42 /* Sources */,
				53DF28FC196B9CF40058AA42 /* Frameworks */,
				53DF28FD196B9CF40058AA42 /* Resources */,
			);
			buildRules = (
			);
			dependencies = (
				53DF2901196B9CF40058AA42 /* PBXTargetDependency */,
				5346D9381993392C00CEFA4B /* PBXTargetDependency */,
				8BEA2DF0199663470029715E /* PBXTargetDependency */,
			);
			name = CloudEmoticon2iOSTests;
			productName = CloudEmoticon2iOSTests;
			productReference = 53DF28FF196B9CF40058AA42 /* CloudEmoticon2iOSTests.xctest */;
			productType = "com.apple.product-type.bundle.unit-test";
		};
		8BF8ACF1199335D7001207FC /* CE2NCWidget */ = {
			isa = PBXNativeTarget;
			buildConfigurationList = 8BF8AD04199335D7001207FC /* Build configuration list for PBXNativeTarget "CE2NCWidget" */;
			buildPhases = (
				8BF8ACEE199335D7001207FC /* Sources */,
				8BF8ACEF199335D7001207FC /* Frameworks */,
				8BF8ACF0199335D7001207FC /* Resources */,
			);
			buildRules = (
			);
			dependencies = (
			);
			name = CE2NCWidget;
			productName = CE2NCWidget;
			productReference = 8BF8ACF2199335D7001207FC /* CE2NCWidget.appex */;
			productType = "com.apple.product-type.app-extension";
		};
/* End PBXNativeTarget section */

/* Begin PBXProject section */
		53DF28E5196B9CF40058AA42 /* Project object */ = {
			isa = PBXProject;
			attributes = {
				LastUpgradeCheck = 0600;
				ORGANIZATIONNAME = "神楽坂雅詩 & 神楽坂紫喵";
				TargetAttributes = {
					53DF28EC196B9CF40058AA42 = {
						CreatedOnToolsVersion = 6.0;
						DevelopmentTeam = ZNVDEVDRX3;
						SystemCapabilities = {
							com.apple.ApplicationGroups.iOS = {
								enabled = 1;
							};
						};
					};
					53DF28FE196B9CF40058AA42 = {
						CreatedOnToolsVersion = 6.0;
						TestTargetID = 53DF28EC196B9CF40058AA42;
					};
					8BF8ACF1199335D7001207FC = {
						CreatedOnToolsVersion = 6.0;
						DevelopmentTeam = ZNVDEVDRX3;
						SystemCapabilities = {
							com.apple.ApplicationGroups.iOS = {
								enabled = 1;
							};
						};
					};
				};
			};
			buildConfigurationList = 53DF28E8196B9CF40058AA42 /* Build configuration list for PBXProject "CloudEmoticon2iOS" */;
			compatibilityVersion = "Xcode 3.2";
			developmentRegion = English;
			hasScannedForEncodings = 0;
			knownRegions = (
				en,
				Base,
			);
			mainGroup = 53DF28E4196B9CF40058AA42;
			productRefGroup = 53DF28EE196B9CF40058AA42 /* Products */;
			projectDirPath = "";
			projectRoot = "";
			targets = (
				53DF28EC196B9CF40058AA42 /* CloudEmoticon2iOS */,
				53DF28FE196B9CF40058AA42 /* CloudEmoticon2iOSTests */,
				8BF8ACF1199335D7001207FC /* CE2NCWidget */,
			);
		};
/* End PBXProject section */

/* Begin PBXResourcesBuildPhase section */
		53DF28EB196B9CF40058AA42 /* Resources */ = {
			isa = PBXResourcesBuildPhase;
			buildActionMask = 2147483647;
			files = (
				53E0E4B51994A8DD00C9D9FC /* Settings.bundle in Resources */,
				8BE31F5A196D38A7006C3B26 /* clock-vector@2x.png in Resources */,
				8BE31F5E196D3EF3006C3B26 /* globe-vector@2x.png in Resources */,
				8B98EEAD196D36A2000D255E /* edit-vector.png in Resources */,
				8B26E81F196E685900355F3B /* idea-vector.png in Resources */,
				8B98EEA2196D3258000D255E /* shared-vector@2x.png in Resources */,
				8BE31F5D196D3EF3006C3B26 /* globe-vector.png in Resources */,
				53E0E4BB1994B2F800C9D9FC /* settings-vector@2x.png in Resources */,
				5357733C199B1584003FF9D3 /* default.plist in Resources */,
				8B98EEA6196D3390000D255E /* star-vector@2x.png in Resources */,
				8B98EEA5196D3390000D255E /* star-vector.png in Resources */,
				8BE31F65196D443C006C3B26 /* info-vector.png in Resources */,
				53DF28F8196B9CF40058AA42 /* Main.storyboard in Resources */,
				53DF28FA196B9CF40058AA42 /* Images.xcassets in Resources */,
				8B26E820196E685900355F3B /* idea-vector@2x.png in Resources */,
				8BE31F66196D443C006C3B26 /* info-vector@2x.png in Resources */,
				8B98EEAE196D36A2000D255E /* edit-vector@2x.png in Resources */,
				8B98EEA1196D3258000D255E /* shared-vector.png in Resources */,
				5332F843199A2354006F76CA /* nouserimg.jpg in Resources */,
				8BE31F59196D38A7006C3B26 /* clock-vector.png in Resources */,
				53E0E4BA1994B2F800C9D9FC /* settings-vector.png in Resources */,
			);
			runOnlyForDeploymentPostprocessing = 0;
		};
		53DF28FD196B9CF40058AA42 /* Resources */ = {
			isa = PBXResourcesBuildPhase;
			buildActionMask = 2147483647;
			files = (
			);
			runOnlyForDeploymentPostprocessing = 0;
		};
		8BF8ACF0199335D7001207FC /* Resources */ = {
			isa = PBXResourcesBuildPhase;
			buildActionMask = 2147483647;
			files = (
				8BEA2DEC199646E90029715E /* MainInterface.storyboard in Resources */,
			);
			runOnlyForDeploymentPostprocessing = 0;
		};
/* End PBXResourcesBuildPhase section */

/* Begin PBXSourcesBuildPhase section */
		53DF28E9196B9CF40058AA42 /* Sources */ = {
			isa = PBXSourcesBuildPhase;
			buildActionMask = 2147483647;
			files = (
				53E0E4B11994854C00C9D9FC /* PubVar.swift in Sources */,
				53995A571991E8B1008B12E0 /* JSONReader.swift in Sources */,
				5355FCBD1990C21C00D70CA4 /* FileManager.swift in Sources */,
				53DF28F5196B9CF40058AA42 /* ViewController.swift in Sources */,
				53DF28F3196B9CF40058AA42 /* AppDelegate.swift in Sources */,
				5355FCBB1990C20700D70CA4 /* NetworkDownload.swift in Sources */,
				53ED64C519A48A74008CE9BD /* NotificationView.swift in Sources */,
				5346D9321993186500CEFA4B /* XMLReader.swift in Sources */,
				53E0E4AD19947C2800C9D9FC /* MD5.m in Sources */,
				53906A9F1999D5E2000020D1 /* CEViewController.swift in Sources */,
				53906A891999AFEF000020D1 /* SettingManager.swift in Sources */,
				53995A511991C434008B12E0 /* CustomStatusBar.swift in Sources */,
				538D3E9E199471F100F5692F /* Md5Coder.swift in Sources */,
				53577339199B085D003FF9D3 /* ScoreTableViewController.swift in Sources */,
				5346D93519931C9200CEFA4B /* SwitchCoder.swift in Sources */,
				53995A4F1991C2A4008B12E0 /* MainTBViewController.swift in Sources */,
				5346D9301993181C00CEFA4B /* XMLDictionary.m in Sources */,
			);
			runOnlyForDeploymentPostprocessing = 0;
		};
		53DF28FB196B9CF40058AA42 /* Sources */ = {
			isa = PBXSourcesBuildPhase;
			buildActionMask = 2147483647;
			files = (
				53DF2906196B9CF40058AA42 /* CloudEmoticon2iOSTests.swift in Sources */,
			);
			runOnlyForDeploymentPostprocessing = 0;
		};
		8BF8ACEE199335D7001207FC /* Sources */ = {
			isa = PBXSourcesBuildPhase;
			buildActionMask = 2147483647;
			files = (
				8BF8ACFA199335D7001207FC /* TodayViewController.swift in Sources */,
			);
			runOnlyForDeploymentPostprocessing = 0;
		};
/* End PBXSourcesBuildPhase section */

/* Begin PBXTargetDependency section */
		5346D9381993392C00CEFA4B /* PBXTargetDependency */ = {
			isa = PBXTargetDependency;
			target = 53DF28EC196B9CF40058AA42 /* CloudEmoticon2iOS */;
			targetProxy = 5346D9371993392C00CEFA4B /* PBXContainerItemProxy */;
		};
		53DF2901196B9CF40058AA42 /* PBXTargetDependency */ = {
			isa = PBXTargetDependency;
			target = 53DF28EC196B9CF40058AA42 /* CloudEmoticon2iOS */;
			targetProxy = 53DF2900196B9CF40058AA42 /* PBXContainerItemProxy */;
		};
		8BEA2DF0199663470029715E /* PBXTargetDependency */ = {
			isa = PBXTargetDependency;
			target = 53DF28EC196B9CF40058AA42 /* CloudEmoticon2iOS */;
			targetProxy = 8BEA2DEF199663470029715E /* PBXContainerItemProxy */;
		};
		8BF8ACFE199335D7001207FC /* PBXTargetDependency */ = {
			isa = PBXTargetDependency;
			target = 8BF8ACF1199335D7001207FC /* CE2NCWidget */;
			targetProxy = 8BF8ACFD199335D7001207FC /* PBXContainerItemProxy */;
		};
		8BF8AD01199335D7001207FC /* PBXTargetDependency */ = {
			isa = PBXTargetDependency;
			target = 8BF8ACF1199335D7001207FC /* CE2NCWidget */;
			targetProxy = 8BF8AD00199335D7001207FC /* PBXContainerItemProxy */;
		};
/* End PBXTargetDependency section */

/* Begin PBXVariantGroup section */
		53DF28F6196B9CF40058AA42 /* Main.storyboard */ = {
			isa = PBXVariantGroup;
			children = (
				53DF28F7196B9CF40058AA42 /* Base */,
			);
			name = Main.storyboard;
			sourceTree = "<group>";
		};
/* End PBXVariantGroup section */

/* Begin XCBuildConfiguration section */
		53DF2907196B9CF40058AA42 /* Debug */ = {
			isa = XCBuildConfiguration;
			buildSettings = {
				ALWAYS_SEARCH_USER_PATHS = NO;
				CLANG_CXX_LANGUAGE_STANDARD = "gnu++0x";
				CLANG_CXX_LIBRARY = "libc++";
				CLANG_ENABLE_MODULES = YES;
				CLANG_ENABLE_OBJC_ARC = YES;
				CLANG_WARN_BOOL_CONVERSION = YES;
				CLANG_WARN_CONSTANT_CONVERSION = YES;
				CLANG_WARN_DIRECT_OBJC_ISA_USAGE = YES_ERROR;
				CLANG_WARN_EMPTY_BODY = YES;
				CLANG_WARN_ENUM_CONVERSION = YES;
				CLANG_WARN_INT_CONVERSION = YES;
				CLANG_WARN_OBJC_ROOT_CLASS = YES_ERROR;
				CLANG_WARN_UNREACHABLE_CODE = YES;
				CLANG_WARN__DUPLICATE_METHOD_MATCH = YES;
				"CODE_SIGN_IDENTITY[sdk=iphoneos*]" = "iPhone Developer";
				COPY_PHASE_STRIP = NO;
				ENABLE_STRICT_OBJC_MSGSEND = YES;
				GCC_C_LANGUAGE_STANDARD = gnu99;
				GCC_DYNAMIC_NO_PIC = NO;
				GCC_OPTIMIZATION_LEVEL = 0;
				GCC_PREPROCESSOR_DEFINITIONS = (
					"DEBUG=1",
					"$(inherited)",
				);
				GCC_SYMBOLS_PRIVATE_EXTERN = NO;
				GCC_WARN_64_TO_32_BIT_CONVERSION = YES;
				GCC_WARN_ABOUT_RETURN_TYPE = YES_ERROR;
				GCC_WARN_UNDECLARED_SELECTOR = YES;
				GCC_WARN_UNINITIALIZED_AUTOS = YES_AGGRESSIVE;
				GCC_WARN_UNUSED_FUNCTION = YES;
				GCC_WARN_UNUSED_VARIABLE = YES;
				IPHONEOS_DEPLOYMENT_TARGET = 8.0;
				MTL_ENABLE_DEBUG_INFO = YES;
				ONLY_ACTIVE_ARCH = YES;
				SDKROOT = iphoneos;
				SWIFT_OPTIMIZATION_LEVEL = "-Onone";
				TARGETED_DEVICE_FAMILY = "1,2";
			};
			name = Debug;
		};
		53DF2908196B9CF40058AA42 /* Release */ = {
			isa = XCBuildConfiguration;
			buildSettings = {
				ALWAYS_SEARCH_USER_PATHS = NO;
				CLANG_CXX_LANGUAGE_STANDARD = "gnu++0x";
				CLANG_CXX_LIBRARY = "libc++";
				CLANG_ENABLE_MODULES = YES;
				CLANG_ENABLE_OBJC_ARC = YES;
				CLANG_WARN_BOOL_CONVERSION = YES;
				CLANG_WARN_CONSTANT_CONVERSION = YES;
				CLANG_WARN_DIRECT_OBJC_ISA_USAGE = YES_ERROR;
				CLANG_WARN_EMPTY_BODY = YES;
				CLANG_WARN_ENUM_CONVERSION = YES;
				CLANG_WARN_INT_CONVERSION = YES;
				CLANG_WARN_OBJC_ROOT_CLASS = YES_ERROR;
				CLANG_WARN_UNREACHABLE_CODE = YES;
				CLANG_WARN__DUPLICATE_METHOD_MATCH = YES;
				"CODE_SIGN_IDENTITY[sdk=iphoneos*]" = "iPhone Developer";
				COPY_PHASE_STRIP = YES;
				ENABLE_NS_ASSERTIONS = NO;
				ENABLE_STRICT_OBJC_MSGSEND = YES;
				GCC_C_LANGUAGE_STANDARD = gnu99;
				GCC_WARN_64_TO_32_BIT_CONVERSION = YES;
				GCC_WARN_ABOUT_RETURN_TYPE = YES_ERROR;
				GCC_WARN_UNDECLARED_SELECTOR = YES;
				GCC_WARN_UNINITIALIZED_AUTOS = YES_AGGRESSIVE;
				GCC_WARN_UNUSED_FUNCTION = YES;
				GCC_WARN_UNUSED_VARIABLE = YES;
				IPHONEOS_DEPLOYMENT_TARGET = 8.0;
				MTL_ENABLE_DEBUG_INFO = NO;
				SDKROOT = iphoneos;
				TARGETED_DEVICE_FAMILY = "1,2";
				VALIDATE_PRODUCT = YES;
			};
			name = Release;
		};
		53DF290A196B9CF40058AA42 /* Debug */ = {
			isa = XCBuildConfiguration;
			buildSettings = {
				ASSETCATALOG_COMPILER_APPICON_NAME = AppIcon;
				ASSETCATALOG_COMPILER_LAUNCHIMAGE_NAME = LaunchImage;
				CLANG_ENABLE_MODULES = YES;
				CODE_SIGN_ENTITLEMENTS = CloudEmoticon2iOS/CloudEmoticon2iOS.entitlements;
				CODE_SIGN_IDENTITY = "iPhone Developer";
				"CODE_SIGN_IDENTITY[sdk=iphoneos*]" = "iPhone Developer";
				HEADER_SEARCH_PATHS = (
					"$(inherited)",
					"/Applications/Xcode6-Beta3.app/Contents/Developer/Toolchains/XcodeDefault.xctoolchain/usr/include",
					/usr/include/libxml2,
				);
				INFOPLIST_FILE = CloudEmoticon2iOS/Info.plist;
				LD_RUNPATH_SEARCH_PATHS = "$(inherited) @executable_path/Frameworks";
				PRODUCT_NAME = "$(TARGET_NAME)";
				PROVISIONING_PROFILE = "";
				SWIFT_OBJC_BRIDGING_HEADER = "CloudEmoticon2iOS/CloudEmoticon2iOS-Bridging-Header.h";
				SWIFT_OPTIMIZATION_LEVEL = "-Onone";
			};
			name = Debug;
		};
		53DF290B196B9CF40058AA42 /* Release */ = {
			isa = XCBuildConfiguration;
			buildSettings = {
				ASSETCATALOG_COMPILER_APPICON_NAME = AppIcon;
				ASSETCATALOG_COMPILER_LAUNCHIMAGE_NAME = LaunchImage;
				CLANG_ENABLE_MODULES = YES;
				CODE_SIGN_ENTITLEMENTS = CloudEmoticon2iOS/CloudEmoticon2iOS.entitlements;
				CODE_SIGN_IDENTITY = "iPhone Developer";
				"CODE_SIGN_IDENTITY[sdk=iphoneos*]" = "iPhone Developer";
				HEADER_SEARCH_PATHS = (
					"$(inherited)",
					"/Applications/Xcode6-Beta3.app/Contents/Developer/Toolchains/XcodeDefault.xctoolchain/usr/include",
					/usr/include/libxml2,
				);
				INFOPLIST_FILE = CloudEmoticon2iOS/Info.plist;
				LD_RUNPATH_SEARCH_PATHS = "$(inherited) @executable_path/Frameworks";
				PRODUCT_NAME = "$(TARGET_NAME)";
				PROVISIONING_PROFILE = "";
				SWIFT_OBJC_BRIDGING_HEADER = "CloudEmoticon2iOS/CloudEmoticon2iOS-Bridging-Header.h";
			};
			name = Release;
		};
		53DF290D196B9CF40058AA42 /* Debug */ = {
			isa = XCBuildConfiguration;
			buildSettings = {
				BUNDLE_LOADER = "$(BUILT_PRODUCTS_DIR)/CloudEmoticon2iOS.app/CloudEmoticon2iOS";
				FRAMEWORK_SEARCH_PATHS = (
					"$(SDKROOT)/Developer/Library/Frameworks",
					"$(inherited)",
				);
				GCC_PREPROCESSOR_DEFINITIONS = (
					"DEBUG=1",
					"$(inherited)",
				);
				INFOPLIST_FILE = CloudEmoticon2iOSTests/Info.plist;
				LD_RUNPATH_SEARCH_PATHS = "$(inherited) @executable_path/Frameworks @loader_path/Frameworks";
				PRODUCT_NAME = "$(TARGET_NAME)";
				TEST_HOST = "$(BUNDLE_LOADER)";
			};
			name = Debug;
		};
		53DF290E196B9CF40058AA42 /* Release */ = {
			isa = XCBuildConfiguration;
			buildSettings = {
				BUNDLE_LOADER = "$(BUILT_PRODUCTS_DIR)/CloudEmoticon2iOS.app/CloudEmoticon2iOS";
				FRAMEWORK_SEARCH_PATHS = (
					"$(SDKROOT)/Developer/Library/Frameworks",
					"$(inherited)",
				);
				INFOPLIST_FILE = CloudEmoticon2iOSTests/Info.plist;
				LD_RUNPATH_SEARCH_PATHS = "$(inherited) @executable_path/Frameworks @loader_path/Frameworks";
				PRODUCT_NAME = "$(TARGET_NAME)";
				TEST_HOST = "$(BUNDLE_LOADER)";
			};
			name = Release;
		};
		8BF8AD02199335D7001207FC /* Debug */ = {
			isa = XCBuildConfiguration;
			buildSettings = {
				CODE_SIGN_ENTITLEMENTS = CE2NCWidget/CE2NCWidget.entitlements;
				CODE_SIGN_IDENTITY = "iPhone Developer";
				"CODE_SIGN_IDENTITY[sdk=iphoneos*]" = "iPhone Developer";
				GCC_PREPROCESSOR_DEFINITIONS = (
					"DEBUG=1",
					"$(inherited)",
				);
				INFOPLIST_FILE = CE2NCWidget/Info.plist;
				LD_RUNPATH_SEARCH_PATHS = "$(inherited) @executable_path/Frameworks @executable_path/../../Frameworks";
				LIBRARY_SEARCH_PATHS = (
					"$(inherited)",
					"$(SDKROOT)/usr/lib/system",
				);
				PRODUCT_NAME = "$(TARGET_NAME)";
				PROVISIONING_PROFILE = "";
				SKIP_INSTALL = YES;
			};
			name = Debug;
		};
		8BF8AD03199335D7001207FC /* Release */ = {
			isa = XCBuildConfiguration;
			buildSettings = {
				CODE_SIGN_ENTITLEMENTS = CE2NCWidget/CE2NCWidget.entitlements;
				CODE_SIGN_IDENTITY = "iPhone Developer";
				"CODE_SIGN_IDENTITY[sdk=iphoneos*]" = "iPhone Developer";
				INFOPLIST_FILE = CE2NCWidget/Info.plist;
				LD_RUNPATH_SEARCH_PATHS = "$(inherited) @executable_path/Frameworks @executable_path/../../Frameworks";
				LIBRARY_SEARCH_PATHS = (
					"$(inherited)",
					"$(SDKROOT)/usr/lib/system",
				);
				PRODUCT_NAME = "$(TARGET_NAME)";
				PROVISIONING_PROFILE = "";
				SKIP_INSTALL = YES;
			};
			name = Release;
		};
/* End XCBuildConfiguration section */

/* Begin XCConfigurationList section */
		53DF28E8196B9CF40058AA42 /* Build configuration list for PBXProject "CloudEmoticon2iOS" */ = {
			isa = XCConfigurationList;
			buildConfigurations = (
				53DF2907196B9CF40058AA42 /* Debug */,
				53DF2908196B9CF40058AA42 /* Release */,
			);
			defaultConfigurationIsVisible = 0;
			defaultConfigurationName = Release;
		};
		53DF2909196B9CF40058AA42 /* Build configuration list for PBXNativeTarget "CloudEmoticon2iOS" */ = {
			isa = XCConfigurationList;
			buildConfigurations = (
				53DF290A196B9CF40058AA42 /* Debug */,
				53DF290B196B9CF40058AA42 /* Release */,
			);
			defaultConfigurationIsVisible = 0;
			defaultConfigurationName = Release;
		};
		53DF290C196B9CF40058AA42 /* Build configuration list for PBXNativeTarget "CloudEmoticon2iOSTests" */ = {
			isa = XCConfigurationList;
			buildConfigurations = (
				53DF290D196B9CF40058AA42 /* Debug */,
				53DF290E196B9CF40058AA42 /* Release */,
			);
			defaultConfigurationIsVisible = 0;
			defaultConfigurationName = Release;
		};
		8BF8AD04199335D7001207FC /* Build configuration list for PBXNativeTarget "CE2NCWidget" */ = {
			isa = XCConfigurationList;
			buildConfigurations = (
				8BF8AD02199335D7001207FC /* Debug */,
				8BF8AD03199335D7001207FC /* Release */,
			);
			defaultConfigurationIsVisible = 0;
			defaultConfigurationName = Release;
		};
/* End XCConfigurationList section */
	};
	rootObject = 53DF28E5196B9CF40058AA42 /* Project object */;
}
