// !$*UTF8*$!
{
	archiveVersion = 1;
	classes = {
	};
	objectVersion = 46;
	objects = {

/* Begin PBXBuildFile section */
		5310750A19C19E9D0003866F /* Main.storyboard in Resources */ = {isa = PBXBuildFile; fileRef = 5310750919C19E9D0003866F /* Main.storyboard */; };
		53117E601AE3579B0076CC08 /* SkinInstaller.swift in Sources */ = {isa = PBXBuildFile; fileRef = 53117E5F1AE3579B0076CC08 /* SkinInstaller.swift */; };
		53117E661AE370890076CC08 /* YashiNetworkDownload.swift in Sources */ = {isa = PBXBuildFile; fileRef = 53117E651AE370890076CC08 /* YashiNetworkDownload.swift */; };
		5326AD4F1B21F547003731E4 /* test.jpg in Resources */ = {isa = PBXBuildFile; fileRef = 5326AD4E1B21F547003731E4 /* test.jpg */; };
		5328C7AE19B70D0D00C425A8 /* KeyboardViewController.swift in Sources */ = {isa = PBXBuildFile; fileRef = 5328C7AD19B70D0D00C425A8 /* KeyboardViewController.swift */; };
		5328C7B119B70D0D00C425A8 /* cekeyboard.appex in Embed App Extensions */ = {isa = PBXBuildFile; fileRef = 5328C7A919B70D0D00C425A8 /* cekeyboard.appex */; settings = {ATTRIBUTES = (RemoveHeadersOnCopy, ); }; };
		5332F843199A2354006F76CA /* nowuserimg.jpg in Resources */ = {isa = PBXBuildFile; fileRef = 5332F842199A2354006F76CA /* nowuserimg.jpg */; };
		533E537919B861E700DFD2CB /* language-zh-Hans.plist in Resources */ = {isa = PBXBuildFile; fileRef = 533E537619B861E700DFD2CB /* language-zh-Hans.plist */; };
		533E537A19B861E700DFD2CB /* language-zh-Hant.plist in Resources */ = {isa = PBXBuildFile; fileRef = 533E537719B861E700DFD2CB /* language-zh-Hant.plist */; };
		533E537B19B861E700DFD2CB /* Language.swift in Sources */ = {isa = PBXBuildFile; fileRef = 533E537819B861E700DFD2CB /* Language.swift */; };
		533E537D19B861FE00DFD2CB /* SetTableViewController.swift in Sources */ = {isa = PBXBuildFile; fileRef = 533E537C19B861FE00DFD2CB /* SetTableViewController.swift */; };
		5343EEDC1AC82CB200FE1301 /* CoreMedia.framework in Frameworks */ = {isa = PBXBuildFile; fileRef = 5343EED81AC82AB600FE1301 /* CoreMedia.framework */; };
		5346D9301993181C00CEFA4B /* XMLDictionary.m in Sources */ = {isa = PBXBuildFile; fileRef = 5346D92F1993181C00CEFA4B /* XMLDictionary.m */; };
		5346D9321993186500CEFA4B /* XMLReader.swift in Sources */ = {isa = PBXBuildFile; fileRef = 5346D9311993186500CEFA4B /* XMLReader.swift */; };
		5346D93519931C9200CEFA4B /* SwitchCoder.swift in Sources */ = {isa = PBXBuildFile; fileRef = 5346D93419931C9200CEFA4B /* SwitchCoder.swift */; };
		5355FCBB1990C20700D70CA4 /* NetworkDownload.swift in Sources */ = {isa = PBXBuildFile; fileRef = 5355FCBA1990C20700D70CA4 /* NetworkDownload.swift */; };
		5355FCBD1990C21C00D70CA4 /* FileManager.swift in Sources */ = {isa = PBXBuildFile; fileRef = 5355FCBC1990C21C00D70CA4 /* FileManager.swift */; };
		53577339199B085D003FF9D3 /* SourceTableViewController.swift in Sources */ = {isa = PBXBuildFile; fileRef = 53577338199B085D003FF9D3 /* SourceTableViewController.swift */; };
		5357733C199B1584003FF9D3 /* default.plist in Resources */ = {isa = PBXBuildFile; fileRef = 5357733B199B1584003FF9D3 /* default.plist */; };
		535E97081B10587F00266163 /* EPUBContainerParser.swift in Sources */ = {isa = PBXBuildFile; fileRef = 535E96F41B10587F00266163 /* EPUBContainerParser.swift */; };
		535E97091B10587F00266163 /* FileDelete.swift in Sources */ = {isa = PBXBuildFile; fileRef = 535E96F51B10587F00266163 /* FileDelete.swift */; };
		535E970A1B10587F00266163 /* FileDirectory.swift in Sources */ = {isa = PBXBuildFile; fileRef = 535E96F61B10587F00266163 /* FileDirectory.swift */; };
		535E970B1B10587F00266163 /* FileHelper.swift in Sources */ = {isa = PBXBuildFile; fileRef = 535E96F71B10587F00266163 /* FileHelper.swift */; };
		535E970C1B10587F00266163 /* FileList.swift in Sources */ = {isa = PBXBuildFile; fileRef = 535E96F81B10587F00266163 /* FileList.swift */; };
		535E970D1B10587F00266163 /* FileLoad.swift in Sources */ = {isa = PBXBuildFile; fileRef = 535E96F91B10587F00266163 /* FileLoad.swift */; };
		535E970E1B10587F00266163 /* FileSave.swift in Sources */ = {isa = PBXBuildFile; fileRef = 535E96FA1B10587F00266163 /* FileSave.swift */; };
		535E970F1B10587F00266163 /* FileZip.swift in Sources */ = {isa = PBXBuildFile; fileRef = 535E96FB1B10587F00266163 /* FileZip.swift */; };
		535E97101B10587F00266163 /* ioapi.c in Sources */ = {isa = PBXBuildFile; fileRef = 535E96FE1B10587F00266163 /* ioapi.c */; };
		535E97111B10587F00266163 /* mztools.c in Sources */ = {isa = PBXBuildFile; fileRef = 535E97001B10587F00266163 /* mztools.c */; };
		535E97121B10587F00266163 /* unzip.c in Sources */ = {isa = PBXBuildFile; fileRef = 535E97021B10587F00266163 /* unzip.c */; };
		535E97131B10587F00266163 /* zip.c in Sources */ = {isa = PBXBuildFile; fileRef = 535E97041B10587F00266163 /* zip.c */; };
		535E97141B10587F00266163 /* SSZipArchive.m in Sources */ = {isa = PBXBuildFile; fileRef = 535E97071B10587F00266163 /* SSZipArchive.m */; };
		535E97161B1059FB00266163 /* libz.dylib in Frameworks */ = {isa = PBXBuildFile; fileRef = 535E97151B1059FB00266163 /* libz.dylib */; };
		535E971A1B10622600266163 /* YashiZip.swift in Sources */ = {isa = PBXBuildFile; fileRef = 535E97191B10622600266163 /* YashiZip.swift */; };
		5389C6CF1B19A52A002811DC /* INIReader.swift in Sources */ = {isa = PBXBuildFile; fileRef = 5389C6CE1B19A52A002811DC /* INIReader.swift */; };
		5389C6D51B1A0B89002811DC /* themekeys.txt in Resources */ = {isa = PBXBuildFile; fileRef = 5389C6D41B1A0B89002811DC /* themekeys.txt */; };
		5389C6D71B1A1232002811DC /* Skin2Object.swift in Sources */ = {isa = PBXBuildFile; fileRef = 5389C6D61B1A1232002811DC /* Skin2Object.swift */; };
		5389F5951AEB85FF009A1552 /* ResetSetting.swift in Sources */ = {isa = PBXBuildFile; fileRef = 5389F5941AEB85FF009A1552 /* ResetSetting.swift */; };
		53906A9F1999D5E2000020D1 /* CEViewController.swift in Sources */ = {isa = PBXBuildFile; fileRef = 53906A9E1999D5E2000020D1 /* CEViewController.swift */; };
		53918E961AB7065C00CE7A68 /* InterfaceController.swift in Sources */ = {isa = PBXBuildFile; fileRef = 53918E951AB7065C00CE7A68 /* InterfaceController.swift */; };
		53918E981AB7065C00CE7A68 /* Images.xcassets in Resources */ = {isa = PBXBuildFile; fileRef = 53918E971AB7065C00CE7A68 /* Images.xcassets */; };
		53918E9C1AB7065C00CE7A68 /* cewatchapp.app in Resources */ = {isa = PBXBuildFile; fileRef = 53918E9B1AB7065C00CE7A68 /* cewatchapp.app */; };
		53918EA41AB7065C00CE7A68 /* Interface.storyboard in Resources */ = {isa = PBXBuildFile; fileRef = 53918EA21AB7065C00CE7A68 /* Interface.storyboard */; };
		53918EA61AB7065C00CE7A68 /* Images.xcassets in Resources */ = {isa = PBXBuildFile; fileRef = 53918EA51AB7065C00CE7A68 /* Images.xcassets */; };
		53918EA91AB7065C00CE7A68 /* cewatchex.appex in Embed App Extensions */ = {isa = PBXBuildFile; fileRef = 53918E911AB7065C00CE7A68 /* cewatchex.appex */; settings = {ATTRIBUTES = (RemoveHeadersOnCopy, ); }; };
		539405D419A58F3000CE90F2 /* CETableViewCell.swift in Sources */ = {isa = PBXBuildFile; fileRef = 539405D319A58F3000CE90F2 /* CETableViewCell.swift */; };
		53995A4F1991C2A4008B12E0 /* MainTBViewController.swift in Sources */ = {isa = PBXBuildFile; fileRef = 53995A4E1991C2A4008B12E0 /* MainTBViewController.swift */; };
		53995A511991C434008B12E0 /* CustomStatusBar.swift in Sources */ = {isa = PBXBuildFile; fileRef = 53995A501991C434008B12E0 /* CustomStatusBar.swift */; };
		53995A571991E8B1008B12E0 /* JSONReader.swift in Sources */ = {isa = PBXBuildFile; fileRef = 53995A561991E8B1008B12E0 /* JSONReader.swift */; };
		53995A93199245BE008B12E0 /* libxml2.2.dylib in Frameworks */ = {isa = PBXBuildFile; fileRef = 53995A92199245BE008B12E0 /* libxml2.2.dylib */; };
		539BD9C11AFF5575000D835C /* skinnoimg.png in Resources */ = {isa = PBXBuildFile; fileRef = 539BD9C01AFF5575000D835C /* skinnoimg.png */; };
		539BD9C71AFF5F2C000D835C /* skindefault.png in Resources */ = {isa = PBXBuildFile; fileRef = 539BD9C61AFF5F2C000D835C /* skindefault.png */; };
		53A796F01AE2787400755592 /* themedemo.ini in Resources */ = {isa = PBXBuildFile; fileRef = 53A796EF1AE2787400755592 /* themedemo.ini */; };
		53AB49771AE239A90090D955 /* AppGroupIO.swift in Sources */ = {isa = PBXBuildFile; fileRef = 53AB49751AE239A90090D955 /* AppGroupIO.swift */; };
		53AB49781AE239A90090D955 /* AppGroupIO.swift in Sources */ = {isa = PBXBuildFile; fileRef = 53AB49751AE239A90090D955 /* AppGroupIO.swift */; };
		53AB49791AE239A90090D955 /* AppGroupIO.swift in Sources */ = {isa = PBXBuildFile; fileRef = 53AB49751AE239A90090D955 /* AppGroupIO.swift */; };
		53AB497A1AE239A90090D955 /* AppGroupIO.swift in Sources */ = {isa = PBXBuildFile; fileRef = 53AB49751AE239A90090D955 /* AppGroupIO.swift */; };
		53AB497B1AE239A90090D955 /* ArrayString.swift in Sources */ = {isa = PBXBuildFile; fileRef = 53AB49761AE239A90090D955 /* ArrayString.swift */; };
		53AB497C1AE239A90090D955 /* ArrayString.swift in Sources */ = {isa = PBXBuildFile; fileRef = 53AB49761AE239A90090D955 /* ArrayString.swift */; };
		53AB497D1AE239A90090D955 /* ArrayString.swift in Sources */ = {isa = PBXBuildFile; fileRef = 53AB49761AE239A90090D955 /* ArrayString.swift */; };
		53AB497E1AE239A90090D955 /* ArrayString.swift in Sources */ = {isa = PBXBuildFile; fileRef = 53AB49761AE239A90090D955 /* ArrayString.swift */; };
		53B6EEEB1AF6338400ACAA6A /* EnterView.swift in Sources */ = {isa = PBXBuildFile; fileRef = 53B6EEEA1AF6338400ACAA6A /* EnterView.swift */; };
		53B6EEF11AF66FA000ACAA6A /* cestart.png in Resources */ = {isa = PBXBuildFile; fileRef = 53B6EEF01AF66FA000ACAA6A /* cestart.png */; };
		53DA36A119B5AE9900FD8D78 /* language-en.plist in Resources */ = {isa = PBXBuildFile; fileRef = 53DA36A019B5AE9900FD8D78 /* language-en.plist */; };
		53DF28F3196B9CF40058AA42 /* AppDelegate.swift in Sources */ = {isa = PBXBuildFile; fileRef = 53DF28F2196B9CF40058AA42 /* AppDelegate.swift */; };
		53DF28FA196B9CF40058AA42 /* Images.xcassets in Resources */ = {isa = PBXBuildFile; fileRef = 53DF28F9196B9CF40058AA42 /* Images.xcassets */; };
		53DF2906196B9CF40058AA42 /* CloudEmoticon2iOSTests.swift in Sources */ = {isa = PBXBuildFile; fileRef = 53DF2905196B9CF40058AA42 /* CloudEmoticon2iOSTests.swift */; };
		53E0E4B11994854C00C9D9FC /* PubFunc.swift in Sources */ = {isa = PBXBuildFile; fileRef = 53E0E4B01994854C00C9D9FC /* PubFunc.swift */; };
		53E0E4B51994A8DD00C9D9FC /* Settings.bundle in Resources */ = {isa = PBXBuildFile; fileRef = 53E0E4B41994A8DD00C9D9FC /* Settings.bundle */; };
		53E0E4BA1994B2F800C9D9FC /* settings-vector.png in Resources */ = {isa = PBXBuildFile; fileRef = 53E0E4B81994B2F800C9D9FC /* settings-vector.png */; };
		53E0E4BB1994B2F800C9D9FC /* settings-vector@2x.png in Resources */ = {isa = PBXBuildFile; fileRef = 53E0E4B91994B2F800C9D9FC /* settings-vector@2x.png */; };
		53E1EB1A19A49769002EB6A3 /* MyEmoticonViewController.swift in Sources */ = {isa = PBXBuildFile; fileRef = 53E1EB1919A49769002EB6A3 /* MyEmoticonViewController.swift */; };
		53E9CD771AE144550043A9FD /* cewatchapp.app in Resources */ = {isa = PBXBuildFile; fileRef = 53918E9B1AB7065C00CE7A68 /* cewatchapp.app */; };
		53E9DF7E19C1843E00C61121 /* InfoPlist.strings in Resources */ = {isa = PBXBuildFile; fileRef = 53E9DF8019C1843E00C61121 /* InfoPlist.strings */; };
		53E9DF8419C189E600C61121 /* WaitView.swift in Sources */ = {isa = PBXBuildFile; fileRef = 53E9DF8319C189E600C61121 /* WaitView.swift */; };
		53ED64C519A48A74008CE9BD /* NotificationView.swift in Sources */ = {isa = PBXBuildFile; fileRef = 53ED64C419A48A74008CE9BD /* NotificationView.swift */; };
		53F157211AFFAE6B0027D578 /* SkinManager.swift in Sources */ = {isa = PBXBuildFile; fileRef = 53F157201AFFAE6B0027D578 /* SkinManager.swift */; };
		624A111C19BB108D00B4C48E /* SkinTableViewController.swift in Sources */ = {isa = PBXBuildFile; fileRef = 624A111B19BB108D00B4C48E /* SkinTableViewController.swift */; };
		8B1418091AF49A1000C278B9 /* MD5.swift in Sources */ = {isa = PBXBuildFile; fileRef = 8B1418081AF49A1000C278B9 /* MD5.swift */; };
		8B26E81F196E685900355F3B /* idea-vector.png in Resources */ = {isa = PBXBuildFile; fileRef = 8B26E81D196E685900355F3B /* idea-vector.png */; };
		8B26E820196E685900355F3B /* idea-vector@2x.png in Resources */ = {isa = PBXBuildFile; fileRef = 8B26E81E196E685900355F3B /* idea-vector@2x.png */; };
		8B32C00619AF743F00F9AC50 /* CoreMotion.framework in Frameworks */ = {isa = PBXBuildFile; fileRef = 8B32C00519AF743F00F9AC50 /* CoreMotion.framework */; };
		8B5251531A15A6360081CAA3 /* noti29.png in Resources */ = {isa = PBXBuildFile; fileRef = 8B5251511A15A6360081CAA3 /* noti29.png */; };
		8B5251541A15A6360081CAA3 /* input70.png in Resources */ = {isa = PBXBuildFile; fileRef = 8B5251521A15A6360081CAA3 /* input70.png */; };
		8B5ED96819B8CCD8004A1800 /* EmokbViewController.swift in Sources */ = {isa = PBXBuildFile; fileRef = 8B5ED96719B8CCD8004A1800 /* EmokbViewController.swift */; };
		8B7AFAB01AF3545E0077C644 /* CoreImage.framework in Frameworks */ = {isa = PBXBuildFile; fileRef = 8B7AFAAA1AF350500077C644 /* CoreImage.framework */; };
		8B98EEA1196D3258000D255E /* shared-vector.png in Resources */ = {isa = PBXBuildFile; fileRef = 8B98EE9F196D3258000D255E /* shared-vector.png */; };
		8B98EEA2196D3258000D255E /* shared-vector@2x.png in Resources */ = {isa = PBXBuildFile; fileRef = 8B98EEA0196D3258000D255E /* shared-vector@2x.png */; };
		8B98EEA5196D3390000D255E /* star-vector.png in Resources */ = {isa = PBXBuildFile; fileRef = 8B98EEA3196D3390000D255E /* star-vector.png */; };
		8B98EEA6196D3390000D255E /* star-vector@2x.png in Resources */ = {isa = PBXBuildFile; fileRef = 8B98EEA4196D3390000D255E /* star-vector@2x.png */; };
		8B98EEAD196D36A2000D255E /* edit-vector.png in Resources */ = {isa = PBXBuildFile; fileRef = 8B98EEAB196D36A2000D255E /* edit-vector.png */; };
		8B98EEAE196D36A2000D255E /* edit-vector@2x.png in Resources */ = {isa = PBXBuildFile; fileRef = 8B98EEAC196D36A2000D255E /* edit-vector@2x.png */; };
		8BA411AD19B0E1E1003AEBF2 /* basicbg.png in Resources */ = {isa = PBXBuildFile; fileRef = 8BA411AC19B0E1E1003AEBF2 /* basicbg.png */; };
		8BA411AF19B0F046003AEBF2 /* shake.png in Resources */ = {isa = PBXBuildFile; fileRef = 8BA411AE19B0F046003AEBF2 /* shake.png */; };
		8BA6683E19ACCD2B0080C47F /* ColorViewController.swift in Sources */ = {isa = PBXBuildFile; fileRef = 8BA6683D19ACCD2B0080C47F /* ColorViewController.swift */; };
		8BA6684019ACCD390080C47F /* AboutViewController.swift in Sources */ = {isa = PBXBuildFile; fileRef = 8BA6683F19ACCD390080C47F /* AboutViewController.swift */; };
		8BA6684219ACD3F80080C47F /* AddonTableViewController.swift in Sources */ = {isa = PBXBuildFile; fileRef = 8BA6684119ACD3F80080C47F /* AddonTableViewController.swift */; };
		8BA6684519ACDB830080C47F /* ShakeViewController.swift in Sources */ = {isa = PBXBuildFile; fileRef = 8BA6684419ACDB830080C47F /* ShakeViewController.swift */; };
		8BA6684719ACDBC70080C47F /* ExtensionViewController.swift in Sources */ = {isa = PBXBuildFile; fileRef = 8BA6684619ACDBC70080C47F /* ExtensionViewController.swift */; };
		8BA6684919ACDCB40080C47F /* SettingViewController.swift in Sources */ = {isa = PBXBuildFile; fileRef = 8BA6684819ACDCB30080C47F /* SettingViewController.swift */; };
		8BE31F59196D38A7006C3B26 /* clock-vector.png in Resources */ = {isa = PBXBuildFile; fileRef = 8BE31F57196D38A7006C3B26 /* clock-vector.png */; };
		8BE31F5A196D38A7006C3B26 /* clock-vector@2x.png in Resources */ = {isa = PBXBuildFile; fileRef = 8BE31F58196D38A7006C3B26 /* clock-vector@2x.png */; };
		8BE31F5D196D3EF3006C3B26 /* globe-vector.png in Resources */ = {isa = PBXBuildFile; fileRef = 8BE31F5B196D3EF3006C3B26 /* globe-vector.png */; };
		8BE31F5E196D3EF3006C3B26 /* globe-vector@2x.png in Resources */ = {isa = PBXBuildFile; fileRef = 8BE31F5C196D3EF3006C3B26 /* globe-vector@2x.png */; };
		8BE31F65196D443C006C3B26 /* info-vector.png in Resources */ = {isa = PBXBuildFile; fileRef = 8BE31F63196D443C006C3B26 /* info-vector.png */; };
		8BE31F66196D443C006C3B26 /* info-vector@2x.png in Resources */ = {isa = PBXBuildFile; fileRef = 8BE31F64196D443C006C3B26 /* info-vector@2x.png */; };
		8BEA2DEC199646E90029715E /* MainInterface.storyboard in Resources */ = {isa = PBXBuildFile; fileRef = 8BF8ACFB199335D7001207FC /* MainInterface.storyboard */; };
		8BF8ACF5199335D7001207FC /* NotificationCenter.framework in Frameworks */ = {isa = PBXBuildFile; fileRef = 8BF8ACF4199335D7001207FC /* NotificationCenter.framework */; };
		8BF8ACFA199335D7001207FC /* TodayViewController.swift in Sources */ = {isa = PBXBuildFile; fileRef = 8BF8ACF9199335D7001207FC /* TodayViewController.swift */; };
		8BF8ACFF199335D7001207FC /* cewidget.appex in Embed App Extensions */ = {isa = PBXBuildFile; fileRef = 8BF8ACF2199335D7001207FC /* cewidget.appex */; };
/* End PBXBuildFile section */

/* Begin PBXContainerItemProxy section */
		5328C7AF19B70D0D00C425A8 /* PBXContainerItemProxy */ = {
			isa = PBXContainerItemProxy;
			containerPortal = 53DF28E5196B9CF40058AA42 /* Project object */;
			proxyType = 1;
			remoteGlobalIDString = 5328C7A819B70D0D00C425A8;
			remoteInfo = EmoticonKeyboard;
		};
		5328C7B219B70D0D00C425A8 /* PBXContainerItemProxy */ = {
			isa = PBXContainerItemProxy;
			containerPortal = 53DF28E5196B9CF40058AA42 /* Project object */;
			proxyType = 1;
			remoteGlobalIDString = 5328C7A819B70D0D00C425A8;
			remoteInfo = EmoticonKeyboard;
		};
		5346D9371993392C00CEFA4B /* PBXContainerItemProxy */ = {
			isa = PBXContainerItemProxy;
			containerPortal = 53DF28E5196B9CF40058AA42 /* Project object */;
			proxyType = 1;
			remoteGlobalIDString = 53DF28EC196B9CF40058AA42;
			remoteInfo = CloudEmoticon2iOS;
		};
		53918E9D1AB7065C00CE7A68 /* PBXContainerItemProxy */ = {
			isa = PBXContainerItemProxy;
			containerPortal = 53DF28E5196B9CF40058AA42 /* Project object */;
			proxyType = 1;
			remoteGlobalIDString = 53918E9A1AB7065C00CE7A68;
			remoteInfo = "CloudEmoticon2iOS WatchKit App";
		};
		53918EA71AB7065C00CE7A68 /* PBXContainerItemProxy */ = {
			isa = PBXContainerItemProxy;
			containerPortal = 53DF28E5196B9CF40058AA42 /* Project object */;
			proxyType = 1;
			remoteGlobalIDString = 53918E901AB7065C00CE7A68;
			remoteInfo = "CloudEmoticon2iOS WatchKit Extension";
		};
		53DF2900196B9CF40058AA42 /* PBXContainerItemProxy */ = {
			isa = PBXContainerItemProxy;
			containerPortal = 53DF28E5196B9CF40058AA42 /* Project object */;
			proxyType = 1;
			remoteGlobalIDString = 53DF28EC196B9CF40058AA42;
			remoteInfo = CloudEmoticon2iOS;
		};
		53E9CD731AE144400043A9FD /* PBXContainerItemProxy */ = {
			isa = PBXContainerItemProxy;
			containerPortal = 53DF28E5196B9CF40058AA42 /* Project object */;
			proxyType = 1;
			remoteGlobalIDString = 53918E9A1AB7065C00CE7A68;
			remoteInfo = cewatchapp;
		};
		8B5DBD841A08B26D00C5C2BC /* PBXContainerItemProxy */ = {
			isa = PBXContainerItemProxy;
			containerPortal = 8B5DBD7F1A08B26C00C5C2BC /* com.yukarimeow.Comtest.xcodeproj */;
			proxyType = 2;
			remoteGlobalIDString = 8B5DBD5A1A08B26C00C5C2BC;
			remoteInfo = com.yukarimeow.Comtest;
		};
		8B5DBD861A08B26D00C5C2BC /* PBXContainerItemProxy */ = {
			isa = PBXContainerItemProxy;
			containerPortal = 8B5DBD7F1A08B26C00C5C2BC /* com.yukarimeow.Comtest.xcodeproj */;
			proxyType = 2;
			remoteGlobalIDString = 8B5DBD6F1A08B26C00C5C2BC;
			remoteInfo = com.yukarimeow.ComtestTests;
		};
		8BEA2DEF199663470029715E /* PBXContainerItemProxy */ = {
			isa = PBXContainerItemProxy;
			containerPortal = 53DF28E5196B9CF40058AA42 /* Project object */;
			proxyType = 1;
			remoteGlobalIDString = 53DF28EC196B9CF40058AA42;
			remoteInfo = CloudEmoticon2iOS;
		};
		8BF8ACFD199335D7001207FC /* PBXContainerItemProxy */ = {
			isa = PBXContainerItemProxy;
			containerPortal = 53DF28E5196B9CF40058AA42 /* Project object */;
			proxyType = 1;
			remoteGlobalIDString = 8BF8ACF1199335D7001207FC;
			remoteInfo = CE2NCWidget;
		};
		8BF8AD00199335D7001207FC /* PBXContainerItemProxy */ = {
			isa = PBXContainerItemProxy;
			containerPortal = 53DF28E5196B9CF40058AA42 /* Project object */;
			proxyType = 1;
			remoteGlobalIDString = 8BF8ACF1199335D7001207FC;
			remoteInfo = CE2NCWidget;
		};
/* End PBXContainerItemProxy section */

/* Begin PBXCopyFilesBuildPhase section */
		8BE06D2419967331004C3870 /* Embed Frameworks */ = {
			isa = PBXCopyFilesBuildPhase;
			buildActionMask = 2147483647;
			dstPath = "";
			dstSubfolderSpec = 10;
			files = (
			);
			name = "Embed Frameworks";
			runOnlyForDeploymentPostprocessing = 0;
		};
		8BF8AD05199335D7001207FC /* Embed App Extensions */ = {
			isa = PBXCopyFilesBuildPhase;
			buildActionMask = 2147483647;
			dstPath = "";
			dstSubfolderSpec = 13;
			files = (
				8BF8ACFF199335D7001207FC /* cewidget.appex in Embed App Extensions */,
				5328C7B119B70D0D00C425A8 /* cekeyboard.appex in Embed App Extensions */,
				53918EA91AB7065C00CE7A68 /* cewatchex.appex in Embed App Extensions */,
			);
			name = "Embed App Extensions";
			runOnlyForDeploymentPostprocessing = 0;
		};
/* End PBXCopyFilesBuildPhase section */

/* Begin PBXFileReference section */
		5310750919C19E9D0003866F /* Main.storyboard */ = {isa = PBXFileReference; fileEncoding = 4; lastKnownFileType = file.storyboard; path = Main.storyboard; sourceTree = "<group>"; };
		53117E5F1AE3579B0076CC08 /* SkinInstaller.swift */ = {isa = PBXFileReference; fileEncoding = 4; lastKnownFileType = sourcecode.swift; path = SkinInstaller.swift; sourceTree = "<group>"; };
		53117E651AE370890076CC08 /* YashiNetworkDownload.swift */ = {isa = PBXFileReference; fileEncoding = 4; lastKnownFileType = sourcecode.swift; name = YashiNetworkDownload.swift; path = CloudEmoticon2iOS/YashiNetworkDownload.swift; sourceTree = "<group>"; };
		5326AD4E1B21F547003731E4 /* test.jpg */ = {isa = PBXFileReference; lastKnownFileType = image.jpeg; path = test.jpg; sourceTree = "<group>"; };
		5328C7A919B70D0D00C425A8 /* cekeyboard.appex */ = {isa = PBXFileReference; explicitFileType = "wrapper.app-extension"; includeInIndex = 0; path = cekeyboard.appex; sourceTree = BUILT_PRODUCTS_DIR; };
		5328C7AC19B70D0D00C425A8 /* Info.plist */ = {isa = PBXFileReference; lastKnownFileType = text.plist.xml; path = Info.plist; sourceTree = "<group>"; };
		5328C7AD19B70D0D00C425A8 /* KeyboardViewController.swift */ = {isa = PBXFileReference; lastKnownFileType = sourcecode.swift; path = KeyboardViewController.swift; sourceTree = "<group>"; };
		5330ED5F1ABD81AB0026C4B7 /* notepad.txt */ = {isa = PBXFileReference; lastKnownFileType = text; path = notepad.txt; sourceTree = "<group>"; };
		5332F842199A2354006F76CA /* nowuserimg.jpg */ = {isa = PBXFileReference; lastKnownFileType = image.jpeg; path = nowuserimg.jpg; sourceTree = "<group>"; };
		533E537319B851F700DFD2CB /* EmoticonKeyboard.entitlements */ = {isa = PBXFileReference; lastKnownFileType = text.xml; path = EmoticonKeyboard.entitlements; sourceTree = "<group>"; };
		533E537619B861E700DFD2CB /* language-zh-Hans.plist */ = {isa = PBXFileReference; fileEncoding = 4; lastKnownFileType = text.plist.xml; name = "language-zh-Hans.plist"; path = "CloudEmoticon2iOS/language-zh-Hans.plist"; sourceTree = "<group>"; };
		533E537719B861E700DFD2CB /* language-zh-Hant.plist */ = {isa = PBXFileReference; fileEncoding = 4; lastKnownFileType = text.plist.xml; name = "language-zh-Hant.plist"; path = "CloudEmoticon2iOS/language-zh-Hant.plist"; sourceTree = "<group>"; };
		533E537819B861E700DFD2CB /* Language.swift */ = {isa = PBXFileReference; fileEncoding = 4; lastKnownFileType = sourcecode.swift; name = Language.swift; path = CloudEmoticon2iOS/Language.swift; sourceTree = "<group>"; };
		533E537C19B861FE00DFD2CB /* SetTableViewController.swift */ = {isa = PBXFileReference; fileEncoding = 4; lastKnownFileType = sourcecode.swift; path = SetTableViewController.swift; sourceTree = "<group>"; };
		5343EED81AC82AB600FE1301 /* CoreMedia.framework */ = {isa = PBXFileReference; lastKnownFileType = wrapper.framework; name = CoreMedia.framework; path = System/Library/Frameworks/CoreMedia.framework; sourceTree = SDKROOT; };
		5346D92E1993181C00CEFA4B /* XMLDictionary.h */ = {isa = PBXFileReference; fileEncoding = 4; lastKnownFileType = sourcecode.c.h; path = XMLDictionary.h; sourceTree = "<group>"; };
		5346D92F1993181C00CEFA4B /* XMLDictionary.m */ = {isa = PBXFileReference; fileEncoding = 4; lastKnownFileType = sourcecode.c.objc; path = XMLDictionary.m; sourceTree = "<group>"; };
		5346D9311993186500CEFA4B /* XMLReader.swift */ = {isa = PBXFileReference; fileEncoding = 4; lastKnownFileType = sourcecode.swift; path = XMLReader.swift; sourceTree = "<group>"; };
		5346D93419931C9200CEFA4B /* SwitchCoder.swift */ = {isa = PBXFileReference; fileEncoding = 4; lastKnownFileType = sourcecode.swift; path = SwitchCoder.swift; sourceTree = "<group>"; };
		5346D9361993389600CEFA4B /* CloudEmoticon2iOS.entitlements */ = {isa = PBXFileReference; lastKnownFileType = text.xml; path = CloudEmoticon2iOS.entitlements; sourceTree = "<group>"; };
		5346D9391993393000CEFA4B /* CE2NCWidget.entitlements */ = {isa = PBXFileReference; lastKnownFileType = text.xml; path = CE2NCWidget.entitlements; sourceTree = "<group>"; };
		5355FCBA1990C20700D70CA4 /* NetworkDownload.swift */ = {isa = PBXFileReference; fileEncoding = 4; lastKnownFileType = sourcecode.swift; path = NetworkDownload.swift; sourceTree = "<group>"; };
		5355FCBC1990C21C00D70CA4 /* FileManager.swift */ = {isa = PBXFileReference; fileEncoding = 4; lastKnownFileType = sourcecode.swift; path = FileManager.swift; sourceTree = "<group>"; };
		53577338199B085D003FF9D3 /* SourceTableViewController.swift */ = {isa = PBXFileReference; fileEncoding = 4; lastKnownFileType = sourcecode.swift; path = SourceTableViewController.swift; sourceTree = "<group>"; };
		5357733B199B1584003FF9D3 /* default.plist */ = {isa = PBXFileReference; fileEncoding = 4; lastKnownFileType = text.plist.xml; path = default.plist; sourceTree = "<group>"; };
		535E96F41B10587F00266163 /* EPUBContainerParser.swift */ = {isa = PBXFileReference; fileEncoding = 4; lastKnownFileType = sourcecode.swift; path = EPUBContainerParser.swift; sourceTree = "<group>"; };
		535E96F51B10587F00266163 /* FileDelete.swift */ = {isa = PBXFileReference; fileEncoding = 4; lastKnownFileType = sourcecode.swift; path = FileDelete.swift; sourceTree = "<group>"; };
		535E96F61B10587F00266163 /* FileDirectory.swift */ = {isa = PBXFileReference; fileEncoding = 4; lastKnownFileType = sourcecode.swift; path = FileDirectory.swift; sourceTree = "<group>"; };
		535E96F71B10587F00266163 /* FileHelper.swift */ = {isa = PBXFileReference; fileEncoding = 4; lastKnownFileType = sourcecode.swift; path = FileHelper.swift; sourceTree = "<group>"; };
		535E96F81B10587F00266163 /* FileList.swift */ = {isa = PBXFileReference; fileEncoding = 4; lastKnownFileType = sourcecode.swift; path = FileList.swift; sourceTree = "<group>"; };
		535E96F91B10587F00266163 /* FileLoad.swift */ = {isa = PBXFileReference; fileEncoding = 4; lastKnownFileType = sourcecode.swift; path = FileLoad.swift; sourceTree = "<group>"; };
		535E96FA1B10587F00266163 /* FileSave.swift */ = {isa = PBXFileReference; fileEncoding = 4; lastKnownFileType = sourcecode.swift; path = FileSave.swift; sourceTree = "<group>"; };
		535E96FB1B10587F00266163 /* FileZip.swift */ = {isa = PBXFileReference; fileEncoding = 4; lastKnownFileType = sourcecode.swift; path = FileZip.swift; sourceTree = "<group>"; };
		535E96FD1B10587F00266163 /* crypt.h */ = {isa = PBXFileReference; fileEncoding = 4; lastKnownFileType = sourcecode.c.h; path = crypt.h; sourceTree = "<group>"; };
		535E96FE1B10587F00266163 /* ioapi.c */ = {isa = PBXFileReference; fileEncoding = 4; lastKnownFileType = sourcecode.c.c; path = ioapi.c; sourceTree = "<group>"; };
		535E96FF1B10587F00266163 /* ioapi.h */ = {isa = PBXFileReference; fileEncoding = 4; lastKnownFileType = sourcecode.c.h; path = ioapi.h; sourceTree = "<group>"; };
		535E97001B10587F00266163 /* mztools.c */ = {isa = PBXFileReference; fileEncoding = 4; lastKnownFileType = sourcecode.c.c; path = mztools.c; sourceTree = "<group>"; };
		535E97011B10587F00266163 /* mztools.h */ = {isa = PBXFileReference; fileEncoding = 4; lastKnownFileType = sourcecode.c.h; path = mztools.h; sourceTree = "<group>"; };
		535E97021B10587F00266163 /* unzip.c */ = {isa = PBXFileReference; fileEncoding = 4; lastKnownFileType = sourcecode.c.c; path = unzip.c; sourceTree = "<group>"; };
		535E97031B10587F00266163 /* unzip.h */ = {isa = PBXFileReference; fileEncoding = 4; lastKnownFileType = sourcecode.c.h; path = unzip.h; sourceTree = "<group>"; };
		535E97041B10587F00266163 /* zip.c */ = {isa = PBXFileReference; fileEncoding = 4; lastKnownFileType = sourcecode.c.c; path = zip.c; sourceTree = "<group>"; };
		535E97051B10587F00266163 /* zip.h */ = {isa = PBXFileReference; fileEncoding = 4; lastKnownFileType = sourcecode.c.h; path = zip.h; sourceTree = "<group>"; };
		535E97061B10587F00266163 /* SSZipArchive.h */ = {isa = PBXFileReference; fileEncoding = 4; lastKnownFileType = sourcecode.c.h; path = SSZipArchive.h; sourceTree = "<group>"; };
		535E97071B10587F00266163 /* SSZipArchive.m */ = {isa = PBXFileReference; fileEncoding = 4; lastKnownFileType = sourcecode.c.objc; path = SSZipArchive.m; sourceTree = "<group>"; };
		535E97151B1059FB00266163 /* libz.dylib */ = {isa = PBXFileReference; lastKnownFileType = "compiled.mach-o.dylib"; name = libz.dylib; path = usr/lib/libz.dylib; sourceTree = SDKROOT; };
		535E97191B10622600266163 /* YashiZip.swift */ = {isa = PBXFileReference; fileEncoding = 4; lastKnownFileType = sourcecode.swift; path = YashiZip.swift; sourceTree = "<group>"; };
		53818FE21ABDAAA700D62C5F /* cewidget.entitlements */ = {isa = PBXFileReference; lastKnownFileType = text.xml; path = cewidget.entitlements; sourceTree = "<group>"; };
		53818FE31ABDAAAC00D62C5F /* cekeyboard.entitlements */ = {isa = PBXFileReference; lastKnownFileType = text.xml; path = cekeyboard.entitlements; sourceTree = "<group>"; };
		53818FE41ABDAAB000D62C5F /* cewatchex.entitlements */ = {isa = PBXFileReference; lastKnownFileType = text.xml; path = cewatchex.entitlements; sourceTree = "<group>"; };
		5389C6CE1B19A52A002811DC /* INIReader.swift */ = {isa = PBXFileReference; fileEncoding = 4; lastKnownFileType = sourcecode.swift; path = INIReader.swift; sourceTree = "<group>"; };
		5389C6D41B1A0B89002811DC /* themekeys.txt */ = {isa = PBXFileReference; fileEncoding = 4; lastKnownFileType = text; path = themekeys.txt; sourceTree = "<group>"; };
		5389C6D61B1A1232002811DC /* Skin2Object.swift */ = {isa = PBXFileReference; fileEncoding = 4; lastKnownFileType = sourcecode.swift; path = Skin2Object.swift; sourceTree = "<group>"; };
		5389F5941AEB85FF009A1552 /* ResetSetting.swift */ = {isa = PBXFileReference; fileEncoding = 4; lastKnownFileType = sourcecode.swift; path = ResetSetting.swift; sourceTree = "<group>"; };
		538D3E9B19946E6E00F5692F /* libcommonCrypto.dylib */ = {isa = PBXFileReference; lastKnownFileType = "compiled.mach-o.dylib"; name = libcommonCrypto.dylib; path = usr/lib/system/libcommonCrypto.dylib; sourceTree = SDKROOT; };
		53906A9E1999D5E2000020D1 /* CEViewController.swift */ = {isa = PBXFileReference; fileEncoding = 4; lastKnownFileType = sourcecode.swift; path = CEViewController.swift; sourceTree = "<group>"; };
		53918E911AB7065C00CE7A68 /* cewatchex.appex */ = {isa = PBXFileReference; explicitFileType = "wrapper.app-extension"; includeInIndex = 0; path = cewatchex.appex; sourceTree = BUILT_PRODUCTS_DIR; };
		53918E941AB7065C00CE7A68 /* Info.plist */ = {isa = PBXFileReference; lastKnownFileType = text.plist.xml; path = Info.plist; sourceTree = "<group>"; };
		53918E951AB7065C00CE7A68 /* InterfaceController.swift */ = {isa = PBXFileReference; lastKnownFileType = sourcecode.swift; path = InterfaceController.swift; sourceTree = "<group>"; };
		53918E971AB7065C00CE7A68 /* Images.xcassets */ = {isa = PBXFileReference; lastKnownFileType = folder.assetcatalog; path = Images.xcassets; sourceTree = "<group>"; };
		53918E9B1AB7065C00CE7A68 /* cewatchapp.app */ = {isa = PBXFileReference; explicitFileType = wrapper.application; includeInIndex = 0; path = cewatchapp.app; sourceTree = BUILT_PRODUCTS_DIR; };
		53918EA11AB7065C00CE7A68 /* Info.plist */ = {isa = PBXFileReference; lastKnownFileType = text.plist.xml; path = Info.plist; sourceTree = "<group>"; };
		53918EA31AB7065C00CE7A68 /* Base */ = {isa = PBXFileReference; lastKnownFileType = file.storyboard; name = Base; path = Base.lproj/Interface.storyboard; sourceTree = "<group>"; };
		53918EA51AB7065C00CE7A68 /* Images.xcassets */ = {isa = PBXFileReference; lastKnownFileType = folder.assetcatalog; path = Images.xcassets; sourceTree = "<group>"; };
		539405D319A58F3000CE90F2 /* CETableViewCell.swift */ = {isa = PBXFileReference; fileEncoding = 4; lastKnownFileType = sourcecode.swift; path = CETableViewCell.swift; sourceTree = "<group>"; };
		53995A4E1991C2A4008B12E0 /* MainTBViewController.swift */ = {isa = PBXFileReference; fileEncoding = 4; lastKnownFileType = sourcecode.swift; path = MainTBViewController.swift; sourceTree = "<group>"; };
		53995A501991C434008B12E0 /* CustomStatusBar.swift */ = {isa = PBXFileReference; fileEncoding = 4; lastKnownFileType = sourcecode.swift; path = CustomStatusBar.swift; sourceTree = "<group>"; };
		53995A561991E8B1008B12E0 /* JSONReader.swift */ = {isa = PBXFileReference; fileEncoding = 4; lastKnownFileType = sourcecode.swift; path = JSONReader.swift; sourceTree = "<group>"; };
		53995A581992063B008B12E0 /* CloudEmoticon2iOS-Bridging-Header.h */ = {isa = PBXFileReference; lastKnownFileType = sourcecode.c.h; name = "CloudEmoticon2iOS-Bridging-Header.h"; path = "CloudEmoticon2iOS/CloudEmoticon2iOS-Bridging-Header.h"; sourceTree = "<group>"; };
		53995A92199245BE008B12E0 /* libxml2.2.dylib */ = {isa = PBXFileReference; lastKnownFileType = "compiled.mach-o.dylib"; name = libxml2.2.dylib; path = usr/lib/libxml2.2.dylib; sourceTree = SDKROOT; };
		539BD9C01AFF5575000D835C /* skinnoimg.png */ = {isa = PBXFileReference; lastKnownFileType = image.png; path = skinnoimg.png; sourceTree = "<group>"; };
		539BD9C61AFF5F2C000D835C /* skindefault.png */ = {isa = PBXFileReference; lastKnownFileType = image.png; path = skindefault.png; sourceTree = "<group>"; };
		53A796EF1AE2787400755592 /* themedemo.ini */ = {isa = PBXFileReference; fileEncoding = 4; lastKnownFileType = text; path = themedemo.ini; sourceTree = "<group>"; };
		53AB49751AE239A90090D955 /* AppGroupIO.swift */ = {isa = PBXFileReference; fileEncoding = 4; lastKnownFileType = sourcecode.swift; path = AppGroupIO.swift; sourceTree = "<group>"; };
		53AB49761AE239A90090D955 /* ArrayString.swift */ = {isa = PBXFileReference; fileEncoding = 4; lastKnownFileType = sourcecode.swift; path = ArrayString.swift; sourceTree = "<group>"; };
		53B6EEEA1AF6338400ACAA6A /* EnterView.swift */ = {isa = PBXFileReference; fileEncoding = 4; lastKnownFileType = sourcecode.swift; path = EnterView.swift; sourceTree = "<group>"; };
		53B6EEF01AF66FA000ACAA6A /* cestart.png */ = {isa = PBXFileReference; lastKnownFileType = image.png; path = cestart.png; sourceTree = "<group>"; };
		53DA36A019B5AE9900FD8D78 /* language-en.plist */ = {isa = PBXFileReference; fileEncoding = 4; lastKnownFileType = text.plist.xml; name = "language-en.plist"; path = "CloudEmoticon2iOS/language-en.plist"; sourceTree = "<group>"; };
		53DF28ED196B9CF40058AA42 /* CloudEmoticon2iOS.app */ = {isa = PBXFileReference; explicitFileType = wrapper.application; includeInIndex = 0; path = CloudEmoticon2iOS.app; sourceTree = BUILT_PRODUCTS_DIR; };
		53DF28F2196B9CF40058AA42 /* AppDelegate.swift */ = {isa = PBXFileReference; lastKnownFileType = sourcecode.swift; path = AppDelegate.swift; sourceTree = "<group>"; };
		53DF28F9196B9CF40058AA42 /* Images.xcassets */ = {isa = PBXFileReference; lastKnownFileType = folder.assetcatalog; path = Images.xcassets; sourceTree = "<group>"; };
		53DF28FF196B9CF40058AA42 /* CloudEmoticon2iOSTests.xctest */ = {isa = PBXFileReference; explicitFileType = wrapper.cfbundle; includeInIndex = 0; path = CloudEmoticon2iOSTests.xctest; sourceTree = BUILT_PRODUCTS_DIR; };
		53DF2904196B9CF40058AA42 /* Info.plist */ = {isa = PBXFileReference; lastKnownFileType = text.plist.xml; path = Info.plist; sourceTree = "<group>"; };
		53DF2905196B9CF40058AA42 /* CloudEmoticon2iOSTests.swift */ = {isa = PBXFileReference; lastKnownFileType = sourcecode.swift; path = CloudEmoticon2iOSTests.swift; sourceTree = "<group>"; };
		53E0E4B01994854C00C9D9FC /* PubFunc.swift */ = {isa = PBXFileReference; fileEncoding = 4; lastKnownFileType = sourcecode.swift; name = PubFunc.swift; path = CloudEmoticon2iOS/PubFunc.swift; sourceTree = "<group>"; };
		53E0E4B41994A8DD00C9D9FC /* Settings.bundle */ = {isa = PBXFileReference; lastKnownFileType = "wrapper.plug-in"; path = Settings.bundle; sourceTree = "<group>"; };
		53E0E4B81994B2F800C9D9FC /* settings-vector.png */ = {isa = PBXFileReference; lastKnownFileType = image.png; path = "settings-vector.png"; sourceTree = "<group>"; };
		53E0E4B91994B2F800C9D9FC /* settings-vector@2x.png */ = {isa = PBXFileReference; lastKnownFileType = image.png; path = "settings-vector@2x.png"; sourceTree = "<group>"; };
		53E1EB1919A49769002EB6A3 /* MyEmoticonViewController.swift */ = {isa = PBXFileReference; fileEncoding = 4; lastKnownFileType = sourcecode.swift; path = MyEmoticonViewController.swift; sourceTree = "<group>"; };
		53E9DF7519C183C600C61121 /* Info.plist */ = {isa = PBXFileReference; fileEncoding = 4; lastKnownFileType = text.plist.xml; path = Info.plist; sourceTree = "<group>"; };
		53E9DF7F19C1843E00C61121 /* en */ = {isa = PBXFileReference; lastKnownFileType = text.plist.strings; name = en; path = en.lproj/InfoPlist.strings; sourceTree = "<group>"; };
		53E9DF8119C1844B00C61121 /* zh-Hans */ = {isa = PBXFileReference; lastKnownFileType = text.plist.strings; name = "zh-Hans"; path = "zh-Hans.lproj/InfoPlist.strings"; sourceTree = "<group>"; };
		53E9DF8219C1844C00C61121 /* zh-Hant */ = {isa = PBXFileReference; lastKnownFileType = text.plist.strings; name = "zh-Hant"; path = "zh-Hant.lproj/InfoPlist.strings"; sourceTree = "<group>"; };
		53E9DF8319C189E600C61121 /* WaitView.swift */ = {isa = PBXFileReference; fileEncoding = 4; lastKnownFileType = sourcecode.swift; path = WaitView.swift; sourceTree = "<group>"; };
		53ED64C419A48A74008CE9BD /* NotificationView.swift */ = {isa = PBXFileReference; fileEncoding = 4; lastKnownFileType = sourcecode.swift; path = NotificationView.swift; sourceTree = "<group>"; };
		53F157201AFFAE6B0027D578 /* SkinManager.swift */ = {isa = PBXFileReference; fileEncoding = 4; lastKnownFileType = sourcecode.swift; path = SkinManager.swift; sourceTree = "<group>"; };
		624A111B19BB108D00B4C48E /* SkinTableViewController.swift */ = {isa = PBXFileReference; fileEncoding = 4; lastKnownFileType = sourcecode.swift; path = SkinTableViewController.swift; sourceTree = "<group>"; };
		8B1418081AF49A1000C278B9 /* MD5.swift */ = {isa = PBXFileReference; fileEncoding = 4; lastKnownFileType = sourcecode.swift; path = MD5.swift; sourceTree = "<group>"; };
		8B26E81D196E685900355F3B /* idea-vector.png */ = {isa = PBXFileReference; lastKnownFileType = image.png; path = "idea-vector.png"; sourceTree = "<group>"; };
		8B26E81E196E685900355F3B /* idea-vector@2x.png */ = {isa = PBXFileReference; lastKnownFileType = image.png; path = "idea-vector@2x.png"; sourceTree = "<group>"; };
		8B32C00519AF743F00F9AC50 /* CoreMotion.framework */ = {isa = PBXFileReference; lastKnownFileType = wrapper.framework; name = CoreMotion.framework; path = System/Library/Frameworks/CoreMotion.framework; sourceTree = SDKROOT; };
		8B5251511A15A6360081CAA3 /* noti29.png */ = {isa = PBXFileReference; lastKnownFileType = image.png; path = noti29.png; sourceTree = "<group>"; };
		8B5251521A15A6360081CAA3 /* input70.png */ = {isa = PBXFileReference; lastKnownFileType = image.png; path = input70.png; sourceTree = "<group>"; };
		8B5DBD7F1A08B26C00C5C2BC /* com.yukarimeow.Comtest.xcodeproj */ = {isa = PBXFileReference; lastKnownFileType = "wrapper.pb-project"; name = com.yukarimeow.Comtest.xcodeproj; path = com.yukarimeow.Comtest/com.yukarimeow.Comtest.xcodeproj; sourceTree = "<group>"; };
		8B5ED96719B8CCD8004A1800 /* EmokbViewController.swift */ = {isa = PBXFileReference; fileEncoding = 4; lastKnownFileType = sourcecode.swift; path = EmokbViewController.swift; sourceTree = "<group>"; };
		8B7AFAAA1AF350500077C644 /* CoreImage.framework */ = {isa = PBXFileReference; lastKnownFileType = wrapper.framework; name = CoreImage.framework; path = System/Library/Frameworks/CoreImage.framework; sourceTree = SDKROOT; };
		8B7AFAAE1AF353220077C644 /* Accelerate.framework */ = {isa = PBXFileReference; lastKnownFileType = wrapper.framework; name = Accelerate.framework; path = System/Library/Frameworks/Accelerate.framework; sourceTree = SDKROOT; };
		8B98EE9F196D3258000D255E /* shared-vector.png */ = {isa = PBXFileReference; lastKnownFileType = image.png; path = "shared-vector.png"; sourceTree = "<group>"; };
		8B98EEA0196D3258000D255E /* shared-vector@2x.png */ = {isa = PBXFileReference; lastKnownFileType = image.png; path = "shared-vector@2x.png"; sourceTree = "<group>"; };
		8B98EEA3196D3390000D255E /* star-vector.png */ = {isa = PBXFileReference; lastKnownFileType = image.png; path = "star-vector.png"; sourceTree = "<group>"; };
		8B98EEA4196D3390000D255E /* star-vector@2x.png */ = {isa = PBXFileReference; lastKnownFileType = image.png; path = "star-vector@2x.png"; sourceTree = "<group>"; };
		8B98EEAB196D36A2000D255E /* edit-vector.png */ = {isa = PBXFileReference; lastKnownFileType = image.png; path = "edit-vector.png"; sourceTree = "<group>"; };
		8B98EEAC196D36A2000D255E /* edit-vector@2x.png */ = {isa = PBXFileReference; lastKnownFileType = image.png; path = "edit-vector@2x.png"; sourceTree = "<group>"; };
		8BA411AC19B0E1E1003AEBF2 /* basicbg.png */ = {isa = PBXFileReference; lastKnownFileType = image.png; path = basicbg.png; sourceTree = "<group>"; };
		8BA411AE19B0F046003AEBF2 /* shake.png */ = {isa = PBXFileReference; lastKnownFileType = image.png; path = shake.png; sourceTree = "<group>"; };
		8BA6683D19ACCD2B0080C47F /* ColorViewController.swift */ = {isa = PBXFileReference; fileEncoding = 4; lastKnownFileType = sourcecode.swift; path = ColorViewController.swift; sourceTree = "<group>"; };
		8BA6683F19ACCD390080C47F /* AboutViewController.swift */ = {isa = PBXFileReference; fileEncoding = 4; lastKnownFileType = sourcecode.swift; path = AboutViewController.swift; sourceTree = "<group>"; };
		8BA6684119ACD3F80080C47F /* AddonTableViewController.swift */ = {isa = PBXFileReference; fileEncoding = 4; lastKnownFileType = sourcecode.swift; path = AddonTableViewController.swift; sourceTree = "<group>"; };
		8BA6684419ACDB830080C47F /* ShakeViewController.swift */ = {isa = PBXFileReference; fileEncoding = 4; lastKnownFileType = sourcecode.swift; path = ShakeViewController.swift; sourceTree = "<group>"; };
		8BA6684619ACDBC70080C47F /* ExtensionViewController.swift */ = {isa = PBXFileReference; fileEncoding = 4; lastKnownFileType = sourcecode.swift; path = ExtensionViewController.swift; sourceTree = "<group>"; };
		8BA6684819ACDCB30080C47F /* SettingViewController.swift */ = {isa = PBXFileReference; fileEncoding = 4; lastKnownFileType = sourcecode.swift; path = SettingViewController.swift; sourceTree = "<group>"; };
		8BE31F57196D38A7006C3B26 /* clock-vector.png */ = {isa = PBXFileReference; lastKnownFileType = image.png; path = "clock-vector.png"; sourceTree = "<group>"; };
		8BE31F58196D38A7006C3B26 /* clock-vector@2x.png */ = {isa = PBXFileReference; lastKnownFileType = image.png; path = "clock-vector@2x.png"; sourceTree = "<group>"; };
		8BE31F5B196D3EF3006C3B26 /* globe-vector.png */ = {isa = PBXFileReference; lastKnownFileType = image.png; path = "globe-vector.png"; sourceTree = "<group>"; };
		8BE31F5C196D3EF3006C3B26 /* globe-vector@2x.png */ = {isa = PBXFileReference; lastKnownFileType = image.png; path = "globe-vector@2x.png"; sourceTree = "<group>"; };
		8BE31F63196D443C006C3B26 /* info-vector.png */ = {isa = PBXFileReference; lastKnownFileType = image.png; path = "info-vector.png"; sourceTree = "<group>"; };
		8BE31F64196D443C006C3B26 /* info-vector@2x.png */ = {isa = PBXFileReference; lastKnownFileType = image.png; path = "info-vector@2x.png"; sourceTree = "<group>"; };
		8BF8ACF2199335D7001207FC /* cewidget.appex */ = {isa = PBXFileReference; explicitFileType = "wrapper.app-extension"; includeInIndex = 0; path = cewidget.appex; sourceTree = BUILT_PRODUCTS_DIR; };
		8BF8ACF4199335D7001207FC /* NotificationCenter.framework */ = {isa = PBXFileReference; lastKnownFileType = wrapper.framework; name = NotificationCenter.framework; path = System/Library/Frameworks/NotificationCenter.framework; sourceTree = SDKROOT; };
		8BF8ACF8199335D7001207FC /* Info.plist */ = {isa = PBXFileReference; lastKnownFileType = text.plist.xml; path = Info.plist; sourceTree = "<group>"; };
		8BF8ACF9199335D7001207FC /* TodayViewController.swift */ = {isa = PBXFileReference; lastKnownFileType = sourcecode.swift; path = TodayViewController.swift; sourceTree = "<group>"; };
		8BF8ACFB199335D7001207FC /* MainInterface.storyboard */ = {isa = PBXFileReference; lastKnownFileType = file.storyboard; path = MainInterface.storyboard; sourceTree = "<group>"; };
/* End PBXFileReference section */

/* Begin PBXFrameworksBuildPhase section */
		5328C7A619B70D0D00C425A8 /* Frameworks */ = {
			isa = PBXFrameworksBuildPhase;
			buildActionMask = 2147483647;
			files = (
			);
			runOnlyForDeploymentPostprocessing = 0;
		};
		53918E8E1AB7065C00CE7A68 /* Frameworks */ = {
			isa = PBXFrameworksBuildPhase;
			buildActionMask = 2147483647;
			files = (
			);
			runOnlyForDeploymentPostprocessing = 0;
		};
		53DF28EA196B9CF40058AA42 /* Frameworks */ = {
			isa = PBXFrameworksBuildPhase;
			buildActionMask = 2147483647;
			files = (
				535E97161B1059FB00266163 /* libz.dylib in Frameworks */,
				8B7AFAB01AF3545E0077C644 /* CoreImage.framework in Frameworks */,
				5343EEDC1AC82CB200FE1301 /* CoreMedia.framework in Frameworks */,
				8B32C00619AF743F00F9AC50 /* CoreMotion.framework in Frameworks */,
				53995A93199245BE008B12E0 /* libxml2.2.dylib in Frameworks */,
			);
			runOnlyForDeploymentPostprocessing = 0;
		};
		53DF28FC196B9CF40058AA42 /* Frameworks */ = {
			isa = PBXFrameworksBuildPhase;
			buildActionMask = 2147483647;
			files = (
			);
			runOnlyForDeploymentPostprocessing = 0;
		};
		8BF8ACEF199335D7001207FC /* Frameworks */ = {
			isa = PBXFrameworksBuildPhase;
			buildActionMask = 2147483647;
			files = (
				8BF8ACF5199335D7001207FC /* NotificationCenter.framework in Frameworks */,
			);
			runOnlyForDeploymentPostprocessing = 0;
		};
/* End PBXFrameworksBuildPhase section */

/* Begin PBXGroup section */
		5328C7AA19B70D0D00C425A8 /* EmoticonKeyboard */ = {
			isa = PBXGroup;
			children = (
				533E537319B851F700DFD2CB /* EmoticonKeyboard.entitlements */,
				5328C7AD19B70D0D00C425A8 /* KeyboardViewController.swift */,
				5328C7AB19B70D0D00C425A8 /* Supporting Files */,
			);
			path = EmoticonKeyboard;
			sourceTree = "<group>";
		};
		5328C7AB19B70D0D00C425A8 /* Supporting Files */ = {
			isa = PBXGroup;
			children = (
				5328C7AC19B70D0D00C425A8 /* Info.plist */,
			);
			name = "Supporting Files";
			sourceTree = "<group>";
		};
		5346D93319931C6100CEFA4B /* 数据模型 */ = {
			isa = PBXGroup;
			children = (
				53995A561991E8B1008B12E0 /* JSONReader.swift */,
				5346D9311993186500CEFA4B /* XMLReader.swift */,
				5346D93419931C9200CEFA4B /* SwitchCoder.swift */,
				5355FCBC1990C21C00D70CA4 /* FileManager.swift */,
				8B1418081AF49A1000C278B9 /* MD5.swift */,
			);
			name = "数据模型";
			sourceTree = "<group>";
		};
		5355FCB91990C1D300D70CA4 /* 数据载入 */ = {
			isa = PBXGroup;
			children = (
				5346D92E1993181C00CEFA4B /* XMLDictionary.h */,
				5346D92F1993181C00CEFA4B /* XMLDictionary.m */,
				5355FCBA1990C20700D70CA4 /* NetworkDownload.swift */,
			);
			name = "数据载入";
			sourceTree = "<group>";
		};
		5357733A199B0864003FF9D3 /* 源管理 */ = {
			isa = PBXGroup;
			children = (
				5357733B199B1584003FF9D3 /* default.plist */,
				53577338199B085D003FF9D3 /* SourceTableViewController.swift */,
			);
			name = "源管理";
			sourceTree = "<group>";
		};
		535E96F31B10587F00266163 /* zip */ = {
			isa = PBXGroup;
			children = (
				535E96F41B10587F00266163 /* EPUBContainerParser.swift */,
				535E96F51B10587F00266163 /* FileDelete.swift */,
				535E96F61B10587F00266163 /* FileDirectory.swift */,
				535E96F71B10587F00266163 /* FileHelper.swift */,
				535E96F81B10587F00266163 /* FileList.swift */,
				535E96F91B10587F00266163 /* FileLoad.swift */,
				535E96FA1B10587F00266163 /* FileSave.swift */,
				535E96FB1B10587F00266163 /* FileZip.swift */,
				535E96FC1B10587F00266163 /* minizip */,
				535E97061B10587F00266163 /* SSZipArchive.h */,
				535E97071B10587F00266163 /* SSZipArchive.m */,
				535E97191B10622600266163 /* YashiZip.swift */,
			);
			path = zip;
			sourceTree = "<group>";
		};
		535E96FC1B10587F00266163 /* minizip */ = {
			isa = PBXGroup;
			children = (
				535E96FD1B10587F00266163 /* crypt.h */,
				535E96FE1B10587F00266163 /* ioapi.c */,
				535E96FF1B10587F00266163 /* ioapi.h */,
				535E97001B10587F00266163 /* mztools.c */,
				535E97011B10587F00266163 /* mztools.h */,
				535E97021B10587F00266163 /* unzip.c */,
				535E97031B10587F00266163 /* unzip.h */,
				535E97041B10587F00266163 /* zip.c */,
				535E97051B10587F00266163 /* zip.h */,
			);
			path = minizip;
			sourceTree = "<group>";
		};
		53906A981999CA7E000020D1 /* 云颜文字 */ = {
			isa = PBXGroup;
			children = (
				53906A9E1999D5E2000020D1 /* CEViewController.swift */,
				539405D319A58F3000CE90F2 /* CETableViewCell.swift */,
			);
			name = "云颜文字";
			sourceTree = "<group>";
		};
		53906A991999CAD0000020D1 /* 核心 */ = {
			isa = PBXGroup;
			children = (
				5310750919C19E9D0003866F /* Main.storyboard */,
				53DF28F2196B9CF40058AA42 /* AppDelegate.swift */,
				53995A4E1991C2A4008B12E0 /* MainTBViewController.swift */,
				53ED64C419A48A74008CE9BD /* NotificationView.swift */,
				53E9DF8319C189E600C61121 /* WaitView.swift */,
			);
			name = "核心";
			sourceTree = "<group>";
		};
		53918E921AB7065C00CE7A68 /* CloudEmoticon2iOS WatchKit Extension */ = {
			isa = PBXGroup;
			children = (
				53918E951AB7065C00CE7A68 /* InterfaceController.swift */,
				53918E971AB7065C00CE7A68 /* Images.xcassets */,
				53918E931AB7065C00CE7A68 /* Supporting Files */,
			);
			path = "CloudEmoticon2iOS WatchKit Extension";
			sourceTree = "<group>";
		};
		53918E931AB7065C00CE7A68 /* Supporting Files */ = {
			isa = PBXGroup;
			children = (
				53918E941AB7065C00CE7A68 /* Info.plist */,
			);
			name = "Supporting Files";
			sourceTree = "<group>";
		};
		53918E9F1AB7065C00CE7A68 /* CloudEmoticon2iOS WatchKit App */ = {
			isa = PBXGroup;
			children = (
				53918EA21AB7065C00CE7A68 /* Interface.storyboard */,
				53918EA51AB7065C00CE7A68 /* Images.xcassets */,
				53918EA01AB7065C00CE7A68 /* Supporting Files */,
			);
			path = "CloudEmoticon2iOS WatchKit App";
			sourceTree = "<group>";
		};
		53918EA01AB7065C00CE7A68 /* Supporting Files */ = {
			isa = PBXGroup;
			children = (
				53918EA11AB7065C00CE7A68 /* Info.plist */,
			);
			name = "Supporting Files";
			sourceTree = "<group>";
		};
		53995A531991C447008B12E0 /* 自定义状态栏 */ = {
			isa = PBXGroup;
			children = (
				53995A501991C434008B12E0 /* CustomStatusBar.swift */,
			);
			name = "自定义状态栏";
			sourceTree = "<group>";
		};
		53A796EE1AE2784C00755592 /* 不参与编译 */ = {
			isa = PBXGroup;
			children = (
				5330ED5F1ABD81AB0026C4B7 /* notepad.txt */,
				53A796EF1AE2787400755592 /* themedemo.ini */,
			);
			name = "不参与编译";
			sourceTree = "<group>";
		};
		53AB49801AE23FF10090D955 /* 共享代码 */ = {
			isa = PBXGroup;
			children = (
				53117E651AE370890076CC08 /* YashiNetworkDownload.swift */,
				53AB49751AE239A90090D955 /* AppGroupIO.swift */,
				53AB49761AE239A90090D955 /* ArrayString.swift */,
				53E0E4B01994854C00C9D9FC /* PubFunc.swift */,
				53995A581992063B008B12E0 /* CloudEmoticon2iOS-Bridging-Header.h */,
			);
			name = "共享代码";
			sourceTree = "<group>";
		};
		53AB49831AE260660090D955 /* 主题管理 */ = {
			isa = PBXGroup;
			children = (
				535E96F31B10587F00266163 /* zip */,
				624A111B19BB108D00B4C48E /* SkinTableViewController.swift */,
				53117E5F1AE3579B0076CC08 /* SkinInstaller.swift */,
				53F157201AFFAE6B0027D578 /* SkinManager.swift */,
				5389C6D61B1A1232002811DC /* Skin2Object.swift */,
				5389C6CE1B19A52A002811DC /* INIReader.swift */,
				5389C6D41B1A0B89002811DC /* themekeys.txt */,
				8BA6683D19ACCD2B0080C47F /* ColorViewController.swift */,
			);
			name = "主题管理";
			sourceTree = "<group>";
		};
		53B6EEE31AF6331500ACAA6A /* 进入动画 */ = {
			isa = PBXGroup;
			children = (
				53B6EEEA1AF6338400ACAA6A /* EnterView.swift */,
			);
			name = "进入动画";
			sourceTree = "<group>";
		};
		53DA36A219B5AF1900FD8D78 /* 多语言 */ = {
			isa = PBXGroup;
			children = (
				533E537619B861E700DFD2CB /* language-zh-Hans.plist */,
				533E537719B861E700DFD2CB /* language-zh-Hant.plist */,
				533E537819B861E700DFD2CB /* Language.swift */,
				53DA36A019B5AE9900FD8D78 /* language-en.plist */,
			);
			name = "多语言";
			path = ..;
			sourceTree = "<group>";
		};
		53DF28E4196B9CF40058AA42 = {
			isa = PBXGroup;
			children = (
				53DF2902196B9CF40058AA42 /* CloudEmoticon2iOSTests */,
				53AB49801AE23FF10090D955 /* 共享代码 */,
				53818FE41ABDAAB000D62C5F /* cewatchex.entitlements */,
				53818FE31ABDAAAC00D62C5F /* cekeyboard.entitlements */,
				53818FE21ABDAAA700D62C5F /* cewidget.entitlements */,
				53A796EE1AE2784C00755592 /* 不参与编译 */,
				8B5DBD7F1A08B26C00C5C2BC /* com.yukarimeow.Comtest.xcodeproj */,
				53DF28EF196B9CF40058AA42 /* CloudEmoticon2iOS */,
				8BF8ACF6199335D7001207FC /* CE2NCWidget */,
				5328C7AA19B70D0D00C425A8 /* EmoticonKeyboard */,
				53918E921AB7065C00CE7A68 /* CloudEmoticon2iOS WatchKit Extension */,
				53918E9F1AB7065C00CE7A68 /* CloudEmoticon2iOS WatchKit App */,
				8BF8ACF3199335D7001207FC /* Frameworks */,
				53DF28EE196B9CF40058AA42 /* Products */,
			);
			sourceTree = "<group>";
		};
		53DF28EE196B9CF40058AA42 /* Products */ = {
			isa = PBXGroup;
			children = (
				53DF28ED196B9CF40058AA42 /* CloudEmoticon2iOS.app */,
				53DF28FF196B9CF40058AA42 /* CloudEmoticon2iOSTests.xctest */,
				8BF8ACF2199335D7001207FC /* cewidget.appex */,
				5328C7A919B70D0D00C425A8 /* cekeyboard.appex */,
				53918E911AB7065C00CE7A68 /* cewatchex.appex */,
				53918E9B1AB7065C00CE7A68 /* cewatchapp.app */,
			);
			name = Products;
			sourceTree = "<group>";
		};
		53DF28EF196B9CF40058AA42 /* CloudEmoticon2iOS */ = {
			isa = PBXGroup;
			children = (
				53B6EEE31AF6331500ACAA6A /* 进入动画 */,
				53AB49831AE260660090D955 /* 主题管理 */,
				53DA36A219B5AF1900FD8D78 /* 多语言 */,
				5346D9361993389600CEFA4B /* CloudEmoticon2iOS.entitlements */,
				53E1EB1B19A4976F002EB6A3 /* 自定表情 */,
				53906A991999CAD0000020D1 /* 核心 */,
				53906A981999CA7E000020D1 /* 云颜文字 */,
				5357733A199B0864003FF9D3 /* 源管理 */,
				5346D93319931C6100CEFA4B /* 数据模型 */,
				8B98EE9A196D2DC0000D255E /* images */,
				53DF28F9196B9CF40058AA42 /* Images.xcassets */,
				53DF28F0196B9CF40058AA42 /* Supporting Files */,
				5355FCB91990C1D300D70CA4 /* 数据载入 */,
				53995A531991C447008B12E0 /* 自定义状态栏 */,
				53E0E4B61994A95200C9D9FC /* 设置管理 */,
				8BA6683A19ACC3930080C47F /* 设置导航 */,
				8BA6684319ACD41A0080C47F /* 附加工具 */,
			);
			path = CloudEmoticon2iOS;
			sourceTree = "<group>";
		};
		53DF28F0196B9CF40058AA42 /* Supporting Files */ = {
			isa = PBXGroup;
			children = (
				53E9DF8019C1843E00C61121 /* InfoPlist.strings */,
				53E9DF7519C183C600C61121 /* Info.plist */,
			);
			name = "Supporting Files";
			sourceTree = "<group>";
		};
		53DF2902196B9CF40058AA42 /* CloudEmoticon2iOSTests */ = {
			isa = PBXGroup;
			children = (
				53DF2905196B9CF40058AA42 /* CloudEmoticon2iOSTests.swift */,
				53DF2903196B9CF40058AA42 /* Supporting Files */,
			);
			path = CloudEmoticon2iOSTests;
			sourceTree = "<group>";
		};
		53DF2903196B9CF40058AA42 /* Supporting Files */ = {
			isa = PBXGroup;
			children = (
				53DF2904196B9CF40058AA42 /* Info.plist */,
			);
			name = "Supporting Files";
			sourceTree = "<group>";
		};
		53E0E4B61994A95200C9D9FC /* 设置管理 */ = {
			isa = PBXGroup;
			children = (
				53E0E4B41994A8DD00C9D9FC /* Settings.bundle */,
			);
			name = "设置管理";
			sourceTree = "<group>";
		};
		53E1EB1B19A4976F002EB6A3 /* 自定表情 */ = {
			isa = PBXGroup;
			children = (
				53E1EB1919A49769002EB6A3 /* MyEmoticonViewController.swift */,
			);
			name = "自定表情";
			sourceTree = "<group>";
		};
		8B5DBD801A08B26C00C5C2BC /* Products */ = {
			isa = PBXGroup;
			children = (
				8B5DBD851A08B26D00C5C2BC /* com.yukarimeow.Comtest.app */,
				8B5DBD871A08B26D00C5C2BC /* com.yukarimeow.ComtestTests.xctest */,
			);
			name = Products;
			sourceTree = "<group>";
		};
		8B98EE9A196D2DC0000D255E /* images */ = {
			isa = PBXGroup;
			children = (
				5326AD4E1B21F547003731E4 /* test.jpg */,
				539BD9C61AFF5F2C000D835C /* skindefault.png */,
				539BD9C01AFF5575000D835C /* skinnoimg.png */,
				53B6EEF01AF66FA000ACAA6A /* cestart.png */,
				8B5251511A15A6360081CAA3 /* noti29.png */,
				8B5251521A15A6360081CAA3 /* input70.png */,
				8BA411AE19B0F046003AEBF2 /* shake.png */,
				8BA411AC19B0E1E1003AEBF2 /* basicbg.png */,
				5332F842199A2354006F76CA /* nowuserimg.jpg */,
				53E0E4B81994B2F800C9D9FC /* settings-vector.png */,
				53E0E4B91994B2F800C9D9FC /* settings-vector@2x.png */,
				8B26E81D196E685900355F3B /* idea-vector.png */,
				8B26E81E196E685900355F3B /* idea-vector@2x.png */,
				8BE31F63196D443C006C3B26 /* info-vector.png */,
				8BE31F64196D443C006C3B26 /* info-vector@2x.png */,
				8BE31F5B196D3EF3006C3B26 /* globe-vector.png */,
				8BE31F5C196D3EF3006C3B26 /* globe-vector@2x.png */,
				8BE31F57196D38A7006C3B26 /* clock-vector.png */,
				8BE31F58196D38A7006C3B26 /* clock-vector@2x.png */,
				8B98EEAB196D36A2000D255E /* edit-vector.png */,
				8B98EEAC196D36A2000D255E /* edit-vector@2x.png */,
				8B98EEA3196D3390000D255E /* star-vector.png */,
				8B98EEA4196D3390000D255E /* star-vector@2x.png */,
				8B98EE9F196D3258000D255E /* shared-vector.png */,
				8B98EEA0196D3258000D255E /* shared-vector@2x.png */,
			);
			path = images;
			sourceTree = "<group>";
		};
		8BA6683A19ACC3930080C47F /* 设置导航 */ = {
			isa = PBXGroup;
			children = (
				533E537C19B861FE00DFD2CB /* SetTableViewController.swift */,
				8BA6683F19ACCD390080C47F /* AboutViewController.swift */,
				8BA6684819ACDCB30080C47F /* SettingViewController.swift */,
				5389F5941AEB85FF009A1552 /* ResetSetting.swift */,
			);
			name = "设置导航";
			sourceTree = "<group>";
		};
		8BA6684319ACD41A0080C47F /* 附加工具 */ = {
			isa = PBXGroup;
			children = (
				8BA6684119ACD3F80080C47F /* AddonTableViewController.swift */,
				8BA6684419ACDB830080C47F /* ShakeViewController.swift */,
				8BA6684619ACDBC70080C47F /* ExtensionViewController.swift */,
				8B5ED96719B8CCD8004A1800 /* EmokbViewController.swift */,
			);
			name = "附加工具";
			sourceTree = "<group>";
		};
		8BF8ACF3199335D7001207FC /* Frameworks */ = {
			isa = PBXGroup;
			children = (
				535E97151B1059FB00266163 /* libz.dylib */,
				8B7AFAAE1AF353220077C644 /* Accelerate.framework */,
				8B7AFAAA1AF350500077C644 /* CoreImage.framework */,
				5343EED81AC82AB600FE1301 /* CoreMedia.framework */,
				8B32C00519AF743F00F9AC50 /* CoreMotion.framework */,
				538D3E9B19946E6E00F5692F /* libcommonCrypto.dylib */,
				53995A92199245BE008B12E0 /* libxml2.2.dylib */,
				8BF8ACF4199335D7001207FC /* NotificationCenter.framework */,
			);
			name = Frameworks;
			sourceTree = "<group>";
		};
		8BF8ACF6199335D7001207FC /* CE2NCWidget */ = {
			isa = PBXGroup;
			children = (
				5346D9391993393000CEFA4B /* CE2NCWidget.entitlements */,
				8BF8ACF9199335D7001207FC /* TodayViewController.swift */,
				8BF8ACFB199335D7001207FC /* MainInterface.storyboard */,
				8BF8ACF7199335D7001207FC /* Supporting Files */,
			);
			path = CE2NCWidget;
			sourceTree = "<group>";
		};
		8BF8ACF7199335D7001207FC /* Supporting Files */ = {
			isa = PBXGroup;
			children = (
				8BF8ACF8199335D7001207FC /* Info.plist */,
			);
			name = "Supporting Files";
			sourceTree = "<group>";
		};
/* End PBXGroup section */

/* Begin PBXNativeTarget section */
		5328C7A819B70D0D00C425A8 /* cekeyboard */ = {
			isa = PBXNativeTarget;
			buildConfigurationList = 5328C7B419B70D0D00C425A8 /* Build configuration list for PBXNativeTarget "cekeyboard" */;
			buildPhases = (
				5328C7A519B70D0D00C425A8 /* Sources */,
				5328C7A619B70D0D00C425A8 /* Frameworks */,
				5328C7A719B70D0D00C425A8 /* Resources */,
			);
			buildRules = (
			);
			dependencies = (
			);
			name = cekeyboard;
			productName = EmoticonKeyboard;
			productReference = 5328C7A919B70D0D00C425A8 /* cekeyboard.appex */;
			productType = "com.apple.product-type.app-extension";
		};
		53918E901AB7065C00CE7A68 /* cewatchex */ = {
			isa = PBXNativeTarget;
			buildConfigurationList = 53918EB11AB7065C00CE7A68 /* Build configuration list for PBXNativeTarget "cewatchex" */;
			buildPhases = (
				53918E8D1AB7065C00CE7A68 /* Sources */,
				53918E8E1AB7065C00CE7A68 /* Frameworks */,
				53918E8F1AB7065C00CE7A68 /* Resources */,
			);
			buildRules = (
			);
			dependencies = (
				53918E9E1AB7065C00CE7A68 /* PBXTargetDependency */,
			);
			name = cewatchex;
			productName = "CloudEmoticon2iOS WatchKit Extension";
			productReference = 53918E911AB7065C00CE7A68 /* cewatchex.appex */;
			productType = "com.apple.product-type.watchkit-extension";
		};
		53918E9A1AB7065C00CE7A68 /* cewatchapp */ = {
			isa = PBXNativeTarget;
			buildConfigurationList = 53918EB01AB7065C00CE7A68 /* Build configuration list for PBXNativeTarget "cewatchapp" */;
			buildPhases = (
				53918E991AB7065C00CE7A68 /* Resources */,
			);
			buildRules = (
			);
			dependencies = (
			);
			name = cewatchapp;
			productName = "CloudEmoticon2iOS WatchKit App";
			productReference = 53918E9B1AB7065C00CE7A68 /* cewatchapp.app */;
			productType = "com.apple.product-type.application.watchapp";
		};
		53DF28EC196B9CF40058AA42 /* CloudEmoticon2iOS */ = {
			isa = PBXNativeTarget;
			buildConfigurationList = 53DF2909196B9CF40058AA42 /* Build configuration list for PBXNativeTarget "CloudEmoticon2iOS" */;
			buildPhases = (
				53DF28E9196B9CF40058AA42 /* Sources */,
				53DF28EA196B9CF40058AA42 /* Frameworks */,
				53DF28EB196B9CF40058AA42 /* Resources */,
				8BF8AD05199335D7001207FC /* Embed App Extensions */,
				8BE06D2419967331004C3870 /* Embed Frameworks */,
			);
			buildRules = (
			);
			dependencies = (
				8BF8ACFE199335D7001207FC /* PBXTargetDependency */,
				8BF8AD01199335D7001207FC /* PBXTargetDependency */,
				5328C7B019B70D0D00C425A8 /* PBXTargetDependency */,
				5328C7B319B70D0D00C425A8 /* PBXTargetDependency */,
				53918EA81AB7065C00CE7A68 /* PBXTargetDependency */,
				53E9CD741AE144400043A9FD /* PBXTargetDependency */,
			);
			name = CloudEmoticon2iOS;
			productName = CloudEmoticon2iOS;
			productReference = 53DF28ED196B9CF40058AA42 /* CloudEmoticon2iOS.app */;
			productType = "com.apple.product-type.application";
		};
		53DF28FE196B9CF40058AA42 /* CloudEmoticon2iOSTests */ = {
			isa = PBXNativeTarget;
			buildConfigurationList = 53DF290C196B9CF40058AA42 /* Build configuration list for PBXNativeTarget "CloudEmoticon2iOSTests" */;
			buildPhases = (
				53DF28FB196B9CF40058AA42 /* Sources */,
				53DF28FC196B9CF40058AA42 /* Frameworks */,
				53DF28FD196B9CF40058AA42 /* Resources */,
			);
			buildRules = (
			);
			dependencies = (
				53DF2901196B9CF40058AA42 /* PBXTargetDependency */,
				5346D9381993392C00CEFA4B /* PBXTargetDependency */,
				8BEA2DF0199663470029715E /* PBXTargetDependency */,
			);
			name = CloudEmoticon2iOSTests;
			productName = CloudEmoticon2iOSTests;
			productReference = 53DF28FF196B9CF40058AA42 /* CloudEmoticon2iOSTests.xctest */;
			productType = "com.apple.product-type.bundle.unit-test";
		};
		8BF8ACF1199335D7001207FC /* cewidget */ = {
			isa = PBXNativeTarget;
			buildConfigurationList = 8BF8AD04199335D7001207FC /* Build configuration list for PBXNativeTarget "cewidget" */;
			buildPhases = (
				8BF8ACEE199335D7001207FC /* Sources */,
				8BF8ACEF199335D7001207FC /* Frameworks */,
				8BF8ACF0199335D7001207FC /* Resources */,
			);
			buildRules = (
			);
			dependencies = (
			);
			name = cewidget;
			productName = CE2NCWidget;
			productReference = 8BF8ACF2199335D7001207FC /* cewidget.appex */;
			productType = "com.apple.product-type.app-extension";
		};
/* End PBXNativeTarget section */

/* Begin PBXProject section */
		53DF28E5196B9CF40058AA42 /* Project object */ = {
			isa = PBXProject;
			attributes = {
				LastUpgradeCheck = 0630;
				ORGANIZATIONNAME = "神楽坂雅詩 & 神楽坂紫喵";
				TargetAttributes = {
					5328C7A819B70D0D00C425A8 = {
						CreatedOnToolsVersion = 6.0;
						DevelopmentTeam = ZNVDEVDRX3;
						SystemCapabilities = {
							com.apple.ApplicationGroups.iOS = {
								enabled = 1;
							};
						};
					};
					53918E901AB7065C00CE7A68 = {
						CreatedOnToolsVersion = 6.2;
						DevelopmentTeam = ZNVDEVDRX3;
						SystemCapabilities = {
							com.apple.ApplicationGroups.iOS = {
								enabled = 1;
							};
						};
					};
					53918E9A1AB7065C00CE7A68 = {
						CreatedOnToolsVersion = 6.2;
						DevelopmentTeam = ZNVDEVDRX3;
					};
					53DF28EC196B9CF40058AA42 = {
						CreatedOnToolsVersion = 6.0;
						DevelopmentTeam = ZNVDEVDRX3;
						SystemCapabilities = {
							com.apple.ApplicationGroups.iOS = {
								enabled = 1;
							};
						};
					};
					53DF28FE196B9CF40058AA42 = {
						CreatedOnToolsVersion = 6.0;
						TestTargetID = 53DF28EC196B9CF40058AA42;
					};
					8BF8ACF1199335D7001207FC = {
						CreatedOnToolsVersion = 6.0;
						DevelopmentTeam = ZNVDEVDRX3;
						SystemCapabilities = {
							com.apple.ApplicationGroups.iOS = {
								enabled = 1;
							};
						};
					};
				};
			};
			buildConfigurationList = 53DF28E8196B9CF40058AA42 /* Build configuration list for PBXProject "CloudEmoticon2iOS" */;
			compatibilityVersion = "Xcode 3.2";
			developmentRegion = English;
			hasScannedForEncodings = 0;
			knownRegions = (
				en,
				"zh-Hans",
				"zh-Hant",
				Base,
			);
			mainGroup = 53DF28E4196B9CF40058AA42;
			productRefGroup = 53DF28EE196B9CF40058AA42 /* Products */;
			projectDirPath = "";
			projectReferences = (
				{
					ProductGroup = 8B5DBD801A08B26C00C5C2BC /* Products */;
					ProjectRef = 8B5DBD7F1A08B26C00C5C2BC /* com.yukarimeow.Comtest.xcodeproj */;
				},
			);
			projectRoot = "";
			targets = (
				53DF28EC196B9CF40058AA42 /* CloudEmoticon2iOS */,
				53DF28FE196B9CF40058AA42 /* CloudEmoticon2iOSTests */,
				8BF8ACF1199335D7001207FC /* cewidget */,
				5328C7A819B70D0D00C425A8 /* cekeyboard */,
				53918E901AB7065C00CE7A68 /* cewatchex */,
				53918E9A1AB7065C00CE7A68 /* cewatchapp */,
			);
		};
/* End PBXProject section */

/* Begin PBXReferenceProxy section */
		8B5DBD851A08B26D00C5C2BC /* com.yukarimeow.Comtest.app */ = {
			isa = PBXReferenceProxy;
			fileType = wrapper.application;
			path = com.yukarimeow.Comtest.app;
			remoteRef = 8B5DBD841A08B26D00C5C2BC /* PBXContainerItemProxy */;
			sourceTree = BUILT_PRODUCTS_DIR;
		};
		8B5DBD871A08B26D00C5C2BC /* com.yukarimeow.ComtestTests.xctest */ = {
			isa = PBXReferenceProxy;
			fileType = wrapper.cfbundle;
			path = com.yukarimeow.ComtestTests.xctest;
			remoteRef = 8B5DBD861A08B26D00C5C2BC /* PBXContainerItemProxy */;
			sourceTree = BUILT_PRODUCTS_DIR;
		};
/* End PBXReferenceProxy section */

/* Begin PBXResourcesBuildPhase section */
		5328C7A719B70D0D00C425A8 /* Resources */ = {
			isa = PBXResourcesBuildPhase;
			buildActionMask = 2147483647;
			files = (
			);
			runOnlyForDeploymentPostprocessing = 0;
		};
		53918E8F1AB7065C00CE7A68 /* Resources */ = {
			isa = PBXResourcesBuildPhase;
			buildActionMask = 2147483647;
			files = (
				53918E981AB7065C00CE7A68 /* Images.xcassets in Resources */,
				53918E9C1AB7065C00CE7A68 /* cewatchapp.app in Resources */,
			);
			runOnlyForDeploymentPostprocessing = 0;
		};
		53918E991AB7065C00CE7A68 /* Resources */ = {
			isa = PBXResourcesBuildPhase;
			buildActionMask = 2147483647;
			files = (
				53918EA41AB7065C00CE7A68 /* Interface.storyboard in Resources */,
				53918EA61AB7065C00CE7A68 /* Images.xcassets in Resources */,
			);
			runOnlyForDeploymentPostprocessing = 0;
		};
		53DF28EB196B9CF40058AA42 /* Resources */ = {
			isa = PBXResourcesBuildPhase;
			buildActionMask = 2147483647;
			files = (
				53E0E4B51994A8DD00C9D9FC /* Settings.bundle in Resources */,
				53E9DF7E19C1843E00C61121 /* InfoPlist.strings in Resources */,
				8B5251531A15A6360081CAA3 /* noti29.png in Resources */,
				8BE31F5A196D38A7006C3B26 /* clock-vector@2x.png in Resources */,
				539BD9C71AFF5F2C000D835C /* skindefault.png in Resources */,
				8BE31F5E196D3EF3006C3B26 /* globe-vector@2x.png in Resources */,
				8B98EEAD196D36A2000D255E /* edit-vector.png in Resources */,
				8B26E81F196E685900355F3B /* idea-vector.png in Resources */,
				539BD9C11AFF5575000D835C /* skinnoimg.png in Resources */,
				8B98EEA2196D3258000D255E /* shared-vector@2x.png in Resources */,
				8BE31F5D196D3EF3006C3B26 /* globe-vector.png in Resources */,
				5310750A19C19E9D0003866F /* Main.storyboard in Resources */,
				53E0E4BB1994B2F800C9D9FC /* settings-vector@2x.png in Resources */,
				53DA36A119B5AE9900FD8D78 /* language-en.plist in Resources */,
				53E9CD771AE144550043A9FD /* cewatchapp.app in Resources */,
				5357733C199B1584003FF9D3 /* default.plist in Resources */,
				8BA411AF19B0F046003AEBF2 /* shake.png in Resources */,
				8B98EEA6196D3390000D255E /* star-vector@2x.png in Resources */,
				8B98EEA5196D3390000D255E /* star-vector.png in Resources */,
				8BE31F65196D443C006C3B26 /* info-vector.png in Resources */,
				8BA411AD19B0E1E1003AEBF2 /* basicbg.png in Resources */,
				53A796F01AE2787400755592 /* themedemo.ini in Resources */,
				53B6EEF11AF66FA000ACAA6A /* cestart.png in Resources */,
				53DF28FA196B9CF40058AA42 /* Images.xcassets in Resources */,
				533E537919B861E700DFD2CB /* language-zh-Hans.plist in Resources */,
				8B26E820196E685900355F3B /* idea-vector@2x.png in Resources */,
				8BE31F66196D443C006C3B26 /* info-vector@2x.png in Resources */,
				8B98EEAE196D36A2000D255E /* edit-vector@2x.png in Resources */,
				533E537A19B861E700DFD2CB /* language-zh-Hant.plist in Resources */,
				8B98EEA1196D3258000D255E /* shared-vector.png in Resources */,
				5332F843199A2354006F76CA /* nowuserimg.jpg in Resources */,
				5326AD4F1B21F547003731E4 /* test.jpg in Resources */,
				5389C6D51B1A0B89002811DC /* themekeys.txt in Resources */,
				8BE31F59196D38A7006C3B26 /* clock-vector.png in Resources */,
				53E0E4BA1994B2F800C9D9FC /* settings-vector.png in Resources */,
				8B5251541A15A6360081CAA3 /* input70.png in Resources */,
			);
			runOnlyForDeploymentPostprocessing = 0;
		};
		53DF28FD196B9CF40058AA42 /* Resources */ = {
			isa = PBXResourcesBuildPhase;
			buildActionMask = 2147483647;
			files = (
			);
			runOnlyForDeploymentPostprocessing = 0;
		};
		8BF8ACF0199335D7001207FC /* Resources */ = {
			isa = PBXResourcesBuildPhase;
			buildActionMask = 2147483647;
			files = (
				8BEA2DEC199646E90029715E /* MainInterface.storyboard in Resources */,
			);
			runOnlyForDeploymentPostprocessing = 0;
		};
/* End PBXResourcesBuildPhase section */

/* Begin PBXSourcesBuildPhase section */
		5328C7A519B70D0D00C425A8 /* Sources */ = {
			isa = PBXSourcesBuildPhase;
			buildActionMask = 2147483647;
			files = (
				5328C7AE19B70D0D00C425A8 /* KeyboardViewController.swift in Sources */,
				53AB497D1AE239A90090D955 /* ArrayString.swift in Sources */,
				53AB49791AE239A90090D955 /* AppGroupIO.swift in Sources */,
			);
			runOnlyForDeploymentPostprocessing = 0;
		};
		53918E8D1AB7065C00CE7A68 /* Sources */ = {
			isa = PBXSourcesBuildPhase;
			buildActionMask = 2147483647;
			files = (
				53918E961AB7065C00CE7A68 /* InterfaceController.swift in Sources */,
				53AB497E1AE239A90090D955 /* ArrayString.swift in Sources */,
				53AB497A1AE239A90090D955 /* AppGroupIO.swift in Sources */,
			);
			runOnlyForDeploymentPostprocessing = 0;
		};
		53DF28E9196B9CF40058AA42 /* Sources */ = {
			isa = PBXSourcesBuildPhase;
			buildActionMask = 2147483647;
			files = (
				53117E601AE3579B0076CC08 /* SkinInstaller.swift in Sources */,
				53E0E4B11994854C00C9D9FC /* PubFunc.swift in Sources */,
				8BA6684719ACDBC70080C47F /* ExtensionViewController.swift in Sources */,
				535E970A1B10587F00266163 /* FileDirectory.swift in Sources */,
				53995A571991E8B1008B12E0 /* JSONReader.swift in Sources */,
				5389F5951AEB85FF009A1552 /* ResetSetting.swift in Sources */,
				535E97131B10587F00266163 /* zip.c in Sources */,
				53B6EEEB1AF6338400ACAA6A /* EnterView.swift in Sources */,
				8BA6684919ACDCB40080C47F /* SettingViewController.swift in Sources */,
				8BA6684019ACCD390080C47F /* AboutViewController.swift in Sources */,
				5355FCBD1990C21C00D70CA4 /* FileManager.swift in Sources */,
				8BA6684219ACD3F80080C47F /* AddonTableViewController.swift in Sources */,
				8BA6683E19ACCD2B0080C47F /* ColorViewController.swift in Sources */,
				53AB49771AE239A90090D955 /* AppGroupIO.swift in Sources */,
				535E97081B10587F00266163 /* EPUBContainerParser.swift in Sources */,
				535E97091B10587F00266163 /* FileDelete.swift in Sources */,
				8BA6684519ACDB830080C47F /* ShakeViewController.swift in Sources */,
				533E537D19B861FE00DFD2CB /* SetTableViewController.swift in Sources */,
				535E970B1B10587F00266163 /* FileHelper.swift in Sources */,
				53F157211AFFAE6B0027D578 /* SkinManager.swift in Sources */,
				535E97141B10587F00266163 /* SSZipArchive.m in Sources */,
				53DF28F3196B9CF40058AA42 /* AppDelegate.swift in Sources */,
				5355FCBB1990C20700D70CA4 /* NetworkDownload.swift in Sources */,
				535E970C1B10587F00266163 /* FileList.swift in Sources */,
				53E9DF8419C189E600C61121 /* WaitView.swift in Sources */,
				5389C6CF1B19A52A002811DC /* INIReader.swift in Sources */,
				53ED64C519A48A74008CE9BD /* NotificationView.swift in Sources */,
				535E971A1B10622600266163 /* YashiZip.swift in Sources */,
				5346D9321993186500CEFA4B /* XMLReader.swift in Sources */,
				533E537B19B861E700DFD2CB /* Language.swift in Sources */,
				5389C6D71B1A1232002811DC /* Skin2Object.swift in Sources */,
				53906A9F1999D5E2000020D1 /* CEViewController.swift in Sources */,
				535E970D1B10587F00266163 /* FileLoad.swift in Sources */,
				8B1418091AF49A1000C278B9 /* MD5.swift in Sources */,
				535E97111B10587F00266163 /* mztools.c in Sources */,
				624A111C19BB108D00B4C48E /* SkinTableViewController.swift in Sources */,
				535E97101B10587F00266163 /* ioapi.c in Sources */,
				53995A511991C434008B12E0 /* CustomStatusBar.swift in Sources */,
				53117E661AE370890076CC08 /* YashiNetworkDownload.swift in Sources */,
				539405D419A58F3000CE90F2 /* CETableViewCell.swift in Sources */,
				53AB497B1AE239A90090D955 /* ArrayString.swift in Sources */,
				53577339199B085D003FF9D3 /* SourceTableViewController.swift in Sources */,
				5346D93519931C9200CEFA4B /* SwitchCoder.swift in Sources */,
				535E970F1B10587F00266163 /* FileZip.swift in Sources */,
				8B5ED96819B8CCD8004A1800 /* EmokbViewController.swift in Sources */,
				53995A4F1991C2A4008B12E0 /* MainTBViewController.swift in Sources */,
				53E1EB1A19A49769002EB6A3 /* MyEmoticonViewController.swift in Sources */,
				535E970E1B10587F00266163 /* FileSave.swift in Sources */,
				535E97121B10587F00266163 /* unzip.c in Sources */,
				5346D9301993181C00CEFA4B /* XMLDictionary.m in Sources */,
			);
			runOnlyForDeploymentPostprocessing = 0;
		};
		53DF28FB196B9CF40058AA42 /* Sources */ = {
			isa = PBXSourcesBuildPhase;
			buildActionMask = 2147483647;
			files = (
				53DF2906196B9CF40058AA42 /* CloudEmoticon2iOSTests.swift in Sources */,
			);
			runOnlyForDeploymentPostprocessing = 0;
		};
		8BF8ACEE199335D7001207FC /* Sources */ = {
			isa = PBXSourcesBuildPhase;
			buildActionMask = 2147483647;
			files = (
				8BF8ACFA199335D7001207FC /* TodayViewController.swift in Sources */,
				53AB497C1AE239A90090D955 /* ArrayString.swift in Sources */,
				53AB49781AE239A90090D955 /* AppGroupIO.swift in Sources */,
			);
			runOnlyForDeploymentPostprocessing = 0;
		};
/* End PBXSourcesBuildPhase section */

/* Begin PBXTargetDependency section */
		5328C7B019B70D0D00C425A8 /* PBXTargetDependency */ = {
			isa = PBXTargetDependency;
			target = 5328C7A819B70D0D00C425A8 /* cekeyboard */;
			targetProxy = 5328C7AF19B70D0D00C425A8 /* PBXContainerItemProxy */;
		};
		5328C7B319B70D0D00C425A8 /* PBXTargetDependency */ = {
			isa = PBXTargetDependency;
			target = 5328C7A819B70D0D00C425A8 /* cekeyboard */;
			targetProxy = 5328C7B219B70D0D00C425A8 /* PBXContainerItemProxy */;
		};
		5346D9381993392C00CEFA4B /* PBXTargetDependency */ = {
			isa = PBXTargetDependency;
			target = 53DF28EC196B9CF40058AA42 /* CloudEmoticon2iOS */;
			targetProxy = 5346D9371993392C00CEFA4B /* PBXContainerItemProxy */;
		};
		53918E9E1AB7065C00CE7A68 /* PBXTargetDependency */ = {
			isa = PBXTargetDependency;
			target = 53918E9A1AB7065C00CE7A68 /* cewatchapp */;
			targetProxy = 53918E9D1AB7065C00CE7A68 /* PBXContainerItemProxy */;
		};
		53918EA81AB7065C00CE7A68 /* PBXTargetDependency */ = {
			isa = PBXTargetDependency;
			target = 53918E901AB7065C00CE7A68 /* cewatchex */;
			targetProxy = 53918EA71AB7065C00CE7A68 /* PBXContainerItemProxy */;
		};
		53DF2901196B9CF40058AA42 /* PBXTargetDependency */ = {
			isa = PBXTargetDependency;
			target = 53DF28EC196B9CF40058AA42 /* CloudEmoticon2iOS */;
			targetProxy = 53DF2900196B9CF40058AA42 /* PBXContainerItemProxy */;
		};
		53E9CD741AE144400043A9FD /* PBXTargetDependency */ = {
			isa = PBXTargetDependency;
			target = 53918E9A1AB7065C00CE7A68 /* cewatchapp */;
			targetProxy = 53E9CD731AE144400043A9FD /* PBXContainerItemProxy */;
		};
		8BEA2DF0199663470029715E /* PBXTargetDependency */ = {
			isa = PBXTargetDependency;
			target = 53DF28EC196B9CF40058AA42 /* CloudEmoticon2iOS */;
			targetProxy = 8BEA2DEF199663470029715E /* PBXContainerItemProxy */;
		};
		8BF8ACFE199335D7001207FC /* PBXTargetDependency */ = {
			isa = PBXTargetDependency;
			target = 8BF8ACF1199335D7001207FC /* cewidget */;
			targetProxy = 8BF8ACFD199335D7001207FC /* PBXContainerItemProxy */;
		};
		8BF8AD01199335D7001207FC /* PBXTargetDependency */ = {
			isa = PBXTargetDependency;
			target = 8BF8ACF1199335D7001207FC /* cewidget */;
			targetProxy = 8BF8AD00199335D7001207FC /* PBXContainerItemProxy */;
		};
/* End PBXTargetDependency section */

/* Begin PBXVariantGroup section */
		53918EA21AB7065C00CE7A68 /* Interface.storyboard */ = {
			isa = PBXVariantGroup;
			children = (
				53918EA31AB7065C00CE7A68 /* Base */,
			);
			name = Interface.storyboard;
			sourceTree = "<group>";
		};
		53E9DF8019C1843E00C61121 /* InfoPlist.strings */ = {
			isa = PBXVariantGroup;
			children = (
				53E9DF7F19C1843E00C61121 /* en */,
				53E9DF8119C1844B00C61121 /* zh-Hans */,
				53E9DF8219C1844C00C61121 /* zh-Hant */,
			);
			name = InfoPlist.strings;
			sourceTree = "<group>";
		};
/* End PBXVariantGroup section */

/* Begin XCBuildConfiguration section */
		5328C7B519B70D0D00C425A8 /* Debug */ = {
			isa = XCBuildConfiguration;
			buildSettings = {
				CODE_SIGN_ENTITLEMENTS = cekeyboard.entitlements;
				CODE_SIGN_IDENTITY = "iPhone Developer";
				"CODE_SIGN_IDENTITY[sdk=iphoneos*]" = "iPhone Developer";
				GCC_PREPROCESSOR_DEFINITIONS = (
					"DEBUG=1",
					"$(inherited)",
				);
				INFOPLIST_FILE = EmoticonKeyboard/Info.plist;
				IPHONEOS_DEPLOYMENT_TARGET = 8.0;
				LD_RUNPATH_SEARCH_PATHS = "$(inherited) @executable_path/Frameworks @executable_path/../../Frameworks";
				PRODUCT_NAME = "$(TARGET_NAME)";
				PROVISIONING_PROFILE = "";
				SKIP_INSTALL = YES;
				TARGETED_DEVICE_FAMILY = 1;
			};
			name = Debug;
		};
		5328C7B619B70D0D00C425A8 /* Release */ = {
			isa = XCBuildConfiguration;
			buildSettings = {
				CODE_SIGN_ENTITLEMENTS = cekeyboard.entitlements;
				CODE_SIGN_IDENTITY = "iPhone Developer";
				"CODE_SIGN_IDENTITY[sdk=iphoneos*]" = "iPhone Developer";
				INFOPLIST_FILE = EmoticonKeyboard/Info.plist;
				IPHONEOS_DEPLOYMENT_TARGET = 8.0;
				LD_RUNPATH_SEARCH_PATHS = "$(inherited) @executable_path/Frameworks @executable_path/../../Frameworks";
				PRODUCT_NAME = "$(TARGET_NAME)";
				PROVISIONING_PROFILE = "";
				SKIP_INSTALL = YES;
				TARGETED_DEVICE_FAMILY = 1;
			};
			name = Release;
		};
		53918EAA1AB7065C00CE7A68 /* Debug */ = {
			isa = XCBuildConfiguration;
			buildSettings = {
				CODE_SIGN_ENTITLEMENTS = cewatchex.entitlements;
				CODE_SIGN_IDENTITY = "iPhone Developer";
				"CODE_SIGN_IDENTITY[sdk=iphoneos*]" = "iPhone Developer";
				GCC_PREPROCESSOR_DEFINITIONS = (
					"DEBUG=1",
					"$(inherited)",
				);
				INFOPLIST_FILE = "CloudEmoticon2iOS WatchKit Extension/Info.plist";
				IPHONEOS_DEPLOYMENT_TARGET = 8.2;
				LD_RUNPATH_SEARCH_PATHS = "$(inherited) @executable_path/Frameworks @executable_path/../../Frameworks";
				PRODUCT_NAME = "${TARGET_NAME}";
				PROVISIONING_PROFILE = "";
				SKIP_INSTALL = YES;
			};
			name = Debug;
		};
		53918EAB1AB7065C00CE7A68 /* Release */ = {
			isa = XCBuildConfiguration;
			buildSettings = {
				CODE_SIGN_ENTITLEMENTS = cewatchex.entitlements;
				CODE_SIGN_IDENTITY = "iPhone Developer";
				"CODE_SIGN_IDENTITY[sdk=iphoneos*]" = "iPhone Developer";
				COPY_PHASE_STRIP = NO;
				INFOPLIST_FILE = "CloudEmoticon2iOS WatchKit Extension/Info.plist";
				IPHONEOS_DEPLOYMENT_TARGET = 8.2;
				LD_RUNPATH_SEARCH_PATHS = "$(inherited) @executable_path/Frameworks @executable_path/../../Frameworks";
				PRODUCT_NAME = "${TARGET_NAME}";
				PROVISIONING_PROFILE = "";
				SKIP_INSTALL = YES;
			};
			name = Release;
		};
		53918EAC1AB7065C00CE7A68 /* Debug */ = {
			isa = XCBuildConfiguration;
			buildSettings = {
				ASSETCATALOG_COMPILER_APPICON_NAME = AppIcon;
				CLANG_ENABLE_MODULES = YES;
				CODE_SIGN_IDENTITY = "iPhone Developer";
				"CODE_SIGN_IDENTITY[sdk=iphoneos*]" = "iPhone Developer";
				GCC_PREPROCESSOR_DEFINITIONS = (
					"DEBUG=1",
					"$(inherited)",
				);
				IBSC_MODULE = CloudEmoticon2iOS_WatchKit_Extension;
				INFOPLIST_FILE = "CloudEmoticon2iOS WatchKit App/Info.plist";
				IPHONEOS_DEPLOYMENT_TARGET = 8.2;
				LD_RUNPATH_SEARCH_PATHS = "$(inherited) @executable_path/Frameworks @loader_path/Frameworks";
				PRODUCT_NAME = "$(TARGET_NAME)";
				SKIP_INSTALL = YES;
				SWIFT_OPTIMIZATION_LEVEL = "-Onone";
				TARGETED_DEVICE_FAMILY = 4;
				"TARGETED_DEVICE_FAMILY[sdk=iphonesimulator*]" = "1,4";
			};
			name = Debug;
		};
		53918EAD1AB7065C00CE7A68 /* Release */ = {
			isa = XCBuildConfiguration;
			buildSettings = {
				ASSETCATALOG_COMPILER_APPICON_NAME = AppIcon;
				CLANG_ENABLE_MODULES = YES;
				CODE_SIGN_IDENTITY = "iPhone Developer";
				"CODE_SIGN_IDENTITY[sdk=iphoneos*]" = "iPhone Developer";
				COPY_PHASE_STRIP = NO;
				IBSC_MODULE = CloudEmoticon2iOS_WatchKit_Extension;
				INFOPLIST_FILE = "CloudEmoticon2iOS WatchKit App/Info.plist";
				IPHONEOS_DEPLOYMENT_TARGET = 8.2;
				LD_RUNPATH_SEARCH_PATHS = "$(inherited) @executable_path/Frameworks @loader_path/Frameworks";
				PRODUCT_NAME = "$(TARGET_NAME)";
				SKIP_INSTALL = YES;
				TARGETED_DEVICE_FAMILY = 4;
				"TARGETED_DEVICE_FAMILY[sdk=iphonesimulator*]" = "1,4";
			};
			name = Release;
		};
		53DF2907196B9CF40058AA42 /* Debug */ = {
			isa = XCBuildConfiguration;
			buildSettings = {
				ALWAYS_SEARCH_USER_PATHS = NO;
				CLANG_CXX_LANGUAGE_STANDARD = "gnu++0x";
				CLANG_CXX_LIBRARY = "libc++";
				CLANG_ENABLE_MODULES = YES;
				CLANG_ENABLE_OBJC_ARC = YES;
				CLANG_WARN_BOOL_CONVERSION = YES;
				CLANG_WARN_CONSTANT_CONVERSION = YES;
				CLANG_WARN_DIRECT_OBJC_ISA_USAGE = YES_ERROR;
				CLANG_WARN_EMPTY_BODY = YES;
				CLANG_WARN_ENUM_CONVERSION = YES;
				CLANG_WARN_INT_CONVERSION = YES;
				CLANG_WARN_OBJC_ROOT_CLASS = YES_ERROR;
				CLANG_WARN_UNREACHABLE_CODE = YES;
				CLANG_WARN__DUPLICATE_METHOD_MATCH = YES;
				"CODE_SIGN_IDENTITY[sdk=iphoneos*]" = "iPhone Developer";
				COPY_PHASE_STRIP = NO;
				ENABLE_STRICT_OBJC_MSGSEND = YES;
				GCC_C_LANGUAGE_STANDARD = gnu99;
				GCC_DYNAMIC_NO_PIC = NO;
				GCC_OPTIMIZATION_LEVEL = 0;
				GCC_PREPROCESSOR_DEFINITIONS = (
					"DEBUG=1",
					"$(inherited)",
				);
				GCC_SYMBOLS_PRIVATE_EXTERN = NO;
				GCC_WARN_64_TO_32_BIT_CONVERSION = YES;
				GCC_WARN_ABOUT_RETURN_TYPE = YES_ERROR;
				GCC_WARN_UNDECLARED_SELECTOR = YES;
				GCC_WARN_UNINITIALIZED_AUTOS = YES_AGGRESSIVE;
				GCC_WARN_UNUSED_FUNCTION = YES;
				GCC_WARN_UNUSED_VARIABLE = YES;
				IPHONEOS_DEPLOYMENT_TARGET = 8.2;
				MTL_ENABLE_DEBUG_INFO = YES;
				ONLY_ACTIVE_ARCH = YES;
				SDKROOT = iphoneos;
				SWIFT_OPTIMIZATION_LEVEL = "-Onone";
				TARGETED_DEVICE_FAMILY = "1,2";
			};
			name = Debug;
		};
		53DF2908196B9CF40058AA42 /* Release */ = {
			isa = XCBuildConfiguration;
			buildSettings = {
				ALWAYS_SEARCH_USER_PATHS = NO;
				CLANG_CXX_LANGUAGE_STANDARD = "gnu++0x";
				CLANG_CXX_LIBRARY = "libc++";
				CLANG_ENABLE_MODULES = YES;
				CLANG_ENABLE_OBJC_ARC = YES;
				CLANG_WARN_BOOL_CONVERSION = YES;
				CLANG_WARN_CONSTANT_CONVERSION = YES;
				CLANG_WARN_DIRECT_OBJC_ISA_USAGE = YES_ERROR;
				CLANG_WARN_EMPTY_BODY = YES;
				CLANG_WARN_ENUM_CONVERSION = YES;
				CLANG_WARN_INT_CONVERSION = YES;
				CLANG_WARN_OBJC_ROOT_CLASS = YES_ERROR;
				CLANG_WARN_UNREACHABLE_CODE = YES;
				CLANG_WARN__DUPLICATE_METHOD_MATCH = YES;
				"CODE_SIGN_IDENTITY[sdk=iphoneos*]" = "iPhone Developer";
				COPY_PHASE_STRIP = YES;
				ENABLE_NS_ASSERTIONS = NO;
				ENABLE_STRICT_OBJC_MSGSEND = YES;
				GCC_C_LANGUAGE_STANDARD = gnu99;
				GCC_WARN_64_TO_32_BIT_CONVERSION = YES;
				GCC_WARN_ABOUT_RETURN_TYPE = YES_ERROR;
				GCC_WARN_UNDECLARED_SELECTOR = YES;
				GCC_WARN_UNINITIALIZED_AUTOS = YES_AGGRESSIVE;
				GCC_WARN_UNUSED_FUNCTION = YES;
				GCC_WARN_UNUSED_VARIABLE = YES;
				IPHONEOS_DEPLOYMENT_TARGET = 8.2;
				MTL_ENABLE_DEBUG_INFO = NO;
				SDKROOT = iphoneos;
				TARGETED_DEVICE_FAMILY = "1,2";
				VALIDATE_PRODUCT = YES;
			};
			name = Release;
		};
		53DF290A196B9CF40058AA42 /* Debug */ = {
			isa = XCBuildConfiguration;
			buildSettings = {
				ASSETCATALOG_COMPILER_APPICON_NAME = AppIcon;
				ASSETCATALOG_COMPILER_LAUNCHIMAGE_NAME = LaunchImage;
				CLANG_ENABLE_MODULES = YES;
				CODE_SIGN_ENTITLEMENTS = CloudEmoticon2iOS/CloudEmoticon2iOS.entitlements;
				CODE_SIGN_IDENTITY = "iPhone Developer";
				"CODE_SIGN_IDENTITY[sdk=iphoneos*]" = "iPhone Developer";
				EMBEDDED_CONTENT_CONTAINS_SWIFT = YES;
				HEADER_SEARCH_PATHS = (
					"$(inherited)",
					"/Applications/Xcode6-Beta3.app/Contents/Developer/Toolchains/XcodeDefault.xctoolchain/usr/include",
					/usr/include/libxml2,
				);
				INFOPLIST_FILE = CloudEmoticon2iOS/Info.plist;
				IPHONEOS_DEPLOYMENT_TARGET = 8.0;
				LD_RUNPATH_SEARCH_PATHS = "$(inherited) @executable_path/Frameworks";
				PRODUCT_NAME = "$(TARGET_NAME)";
				PROVISIONING_PROFILE = "";
				SWIFT_OBJC_BRIDGING_HEADER = "CloudEmoticon2iOS/CloudEmoticon2iOS-Bridging-Header.h";
				SWIFT_OPTIMIZATION_LEVEL = "-Onone";
			};
			name = Debug;
		};
		53DF290B196B9CF40058AA42 /* Release */ = {
			isa = XCBuildConfiguration;
			buildSettings = {
				ASSETCATALOG_COMPILER_APPICON_NAME = AppIcon;
				ASSETCATALOG_COMPILER_LAUNCHIMAGE_NAME = LaunchImage;
				CLANG_ENABLE_MODULES = YES;
				CODE_SIGN_ENTITLEMENTS = CloudEmoticon2iOS/CloudEmoticon2iOS.entitlements;
				CODE_SIGN_IDENTITY = "iPhone Developer";
				"CODE_SIGN_IDENTITY[sdk=iphoneos*]" = "iPhone Developer";
				EMBEDDED_CONTENT_CONTAINS_SWIFT = YES;
				HEADER_SEARCH_PATHS = (
					"$(inherited)",
					"/Applications/Xcode6-Beta3.app/Contents/Developer/Toolchains/XcodeDefault.xctoolchain/usr/include",
					/usr/include/libxml2,
				);
				INFOPLIST_FILE = CloudEmoticon2iOS/Info.plist;
				IPHONEOS_DEPLOYMENT_TARGET = 8.0;
				LD_RUNPATH_SEARCH_PATHS = "$(inherited) @executable_path/Frameworks";
				PRODUCT_NAME = "$(TARGET_NAME)";
				PROVISIONING_PROFILE = "";
				SWIFT_OBJC_BRIDGING_HEADER = "CloudEmoticon2iOS/CloudEmoticon2iOS-Bridging-Header.h";
			};
			name = Release;
		};
		53DF290D196B9CF40058AA42 /* Debug */ = {
			isa = XCBuildConfiguration;
			buildSettings = {
				BUNDLE_LOADER = "$(BUILT_PRODUCTS_DIR)/CloudEmoticon2iOS.app/CloudEmoticon2iOS";
				FRAMEWORK_SEARCH_PATHS = (
					"$(SDKROOT)/Developer/Library/Frameworks",
					"$(inherited)",
				);
				GCC_PREPROCESSOR_DEFINITIONS = (
					"DEBUG=1",
					"$(inherited)",
				);
				INFOPLIST_FILE = CloudEmoticon2iOSTests/Info.plist;
				LD_RUNPATH_SEARCH_PATHS = "$(inherited) @executable_path/Frameworks @loader_path/Frameworks";
				PRODUCT_NAME = "$(TARGET_NAME)";
				TEST_HOST = "$(BUNDLE_LOADER)";
			};
			name = Debug;
		};
		53DF290E196B9CF40058AA42 /* Release */ = {
			isa = XCBuildConfiguration;
			buildSettings = {
				BUNDLE_LOADER = "$(BUILT_PRODUCTS_DIR)/CloudEmoticon2iOS.app/CloudEmoticon2iOS";
				FRAMEWORK_SEARCH_PATHS = (
					"$(SDKROOT)/Developer/Library/Frameworks",
					"$(inherited)",
				);
				INFOPLIST_FILE = CloudEmoticon2iOSTests/Info.plist;
				LD_RUNPATH_SEARCH_PATHS = "$(inherited) @executable_path/Frameworks @loader_path/Frameworks";
				PRODUCT_NAME = "$(TARGET_NAME)";
				TEST_HOST = "$(BUNDLE_LOADER)";
			};
			name = Release;
		};
		8BF8AD02199335D7001207FC /* Debug */ = {
			isa = XCBuildConfiguration;
			buildSettings = {
				CODE_SIGN_ENTITLEMENTS = cewidget.entitlements;
				CODE_SIGN_IDENTITY = "iPhone Developer";
				"CODE_SIGN_IDENTITY[sdk=iphoneos*]" = "iPhone Developer";
				GCC_PREPROCESSOR_DEFINITIONS = (
					"DEBUG=1",
					"$(inherited)",
				);
				INFOPLIST_FILE = CE2NCWidget/Info.plist;
				IPHONEOS_DEPLOYMENT_TARGET = 8.0;
				LD_RUNPATH_SEARCH_PATHS = "$(inherited) @executable_path/Frameworks @executable_path/../../Frameworks";
				LIBRARY_SEARCH_PATHS = (
					"$(inherited)",
					"$(SDKROOT)/usr/lib/system",
				);
				PRODUCT_NAME = "$(TARGET_NAME)";
				PROVISIONING_PROFILE = "";
				SKIP_INSTALL = YES;
			};
			name = Debug;
		};
		8BF8AD03199335D7001207FC /* Release */ = {
			isa = XCBuildConfiguration;
			buildSettings = {
				CODE_SIGN_ENTITLEMENTS = cewidget.entitlements;
				CODE_SIGN_IDENTITY = "iPhone Developer";
				"CODE_SIGN_IDENTITY[sdk=iphoneos*]" = "iPhone Developer";
				INFOPLIST_FILE = CE2NCWidget/Info.plist;
				IPHONEOS_DEPLOYMENT_TARGET = 8.0;
				LD_RUNPATH_SEARCH_PATHS = "$(inherited) @executable_path/Frameworks @executable_path/../../Frameworks";
				LIBRARY_SEARCH_PATHS = (
					"$(inherited)",
					"$(SDKROOT)/usr/lib/system",
				);
				PRODUCT_NAME = "$(TARGET_NAME)";
				PROVISIONING_PROFILE = "";
				SKIP_INSTALL = YES;
			};
			name = Release;
		};
/* End XCBuildConfiguration section */

/* Begin XCConfigurationList section */
		5328C7B419B70D0D00C425A8 /* Build configuration list for PBXNativeTarget "cekeyboard" */ = {
			isa = XCConfigurationList;
			buildConfigurations = (
				5328C7B519B70D0D00C425A8 /* Debug */,
				5328C7B619B70D0D00C425A8 /* Release */,
			);
			defaultConfigurationIsVisible = 0;
			defaultConfigurationName = Release;
		};
		53918EB01AB7065C00CE7A68 /* Build configuration list for PBXNativeTarget "cewatchapp" */ = {
			isa = XCConfigurationList;
			buildConfigurations = (
				53918EAC1AB7065C00CE7A68 /* Debug */,
				53918EAD1AB7065C00CE7A68 /* Release */,
			);
			defaultConfigurationIsVisible = 0;
			defaultConfigurationName = Release;
		};
		53918EB11AB7065C00CE7A68 /* Build configuration list for PBXNativeTarget "cewatchex" */ = {
			isa = XCConfigurationList;
			buildConfigurations = (
				53918EAA1AB7065C00CE7A68 /* Debug */,
				53918EAB1AB7065C00CE7A68 /* Release */,
			);
			defaultConfigurationIsVisible = 0;
			defaultConfigurationName = Release;
		};
		53DF28E8196B9CF40058AA42 /* Build configuration list for PBXProject "CloudEmoticon2iOS" */ = {
			isa = XCConfigurationList;
			buildConfigurations = (
				53DF2907196B9CF40058AA42 /* Debug */,
				53DF2908196B9CF40058AA42 /* Release */,
			);
			defaultConfigurationIsVisible = 0;
			defaultConfigurationName = Release;
		};
		53DF2909196B9CF40058AA42 /* Build configuration list for PBXNativeTarget "CloudEmoticon2iOS" */ = {
			isa = XCConfigurationList;
			buildConfigurations = (
				53DF290A196B9CF40058AA42 /* Debug */,
				53DF290B196B9CF40058AA42 /* Release */,
			);
			defaultConfigurationIsVisible = 0;
			defaultConfigurationName = Release;
		};
		53DF290C196B9CF40058AA42 /* Build configuration list for PBXNativeTarget "CloudEmoticon2iOSTests" */ = {
			isa = XCConfigurationList;
			buildConfigurations = (
				53DF290D196B9CF40058AA42 /* Debug */,
				53DF290E196B9CF40058AA42 /* Release */,
			);
			defaultConfigurationIsVisible = 0;
			defaultConfigurationName = Release;
		};
		8BF8AD04199335D7001207FC /* Build configuration list for PBXNativeTarget "cewidget" */ = {
			isa = XCConfigurationList;
			buildConfigurations = (
				8BF8AD02199335D7001207FC /* Debug */,
				8BF8AD03199335D7001207FC /* Release */,
			);
			defaultConfigurationIsVisible = 0;
			defaultConfigurationName = Release;
		};
/* End XCConfigurationList section */
	};
	rootObject = 53DF28E5196B9CF40058AA42 /* Project object */;
}
